// !$*UTF8*$!
{
	archiveVersion = 1;
	classes = {
	};
	objectVersion = 50;
	objects = {

/* Begin PBXBuildFile section */
		EA1B9E0B2266A1E50082A908 /* BaseCollectionViewCell.swift in Sources */ = {isa = PBXBuildFile; fileRef = EA1B9E0A2266A1E50082A908 /* BaseCollectionViewCell.swift */; };
		EA1E3B9222457A1800017F07 /* TwitarrViewController.swift in Sources */ = {isa = PBXBuildFile; fileRef = EA1E3B9022457A1800017F07 /* TwitarrViewController.swift */; };
		EA1E3B9522457A4C00017F07 /* TwitarrDataManager.swift in Sources */ = {isa = PBXBuildFile; fileRef = EA1E3B9422457A4C00017F07 /* TwitarrDataManager.swift */; };
		EA1E3B98224584BC00017F07 /* UserManager.swift in Sources */ = {isa = PBXBuildFile; fileRef = EA1E3B97224584BC00017F07 /* UserManager.swift */; };
		EA1E3B9A2245CF3000017F07 /* CurrentUser.swift in Sources */ = {isa = PBXBuildFile; fileRef = EA1E3B992245CF3000017F07 /* CurrentUser.swift */; };
		EA1E3B9D22461D0300017F07 /* NetworkGovernor.swift in Sources */ = {isa = PBXBuildFile; fileRef = EA1E3B9C22461D0300017F07 /* NetworkGovernor.swift */; };
		EA1E3B9F2246CDF700017F07 /* Settings.swift in Sources */ = {isa = PBXBuildFile; fileRef = EA1E3B9E2246CDF700017F07 /* Settings.swift */; };
		EA1E3BA3224D858700017F07 /* ImageManager.swift in Sources */ = {isa = PBXBuildFile; fileRef = EA1E3BA2224D858700017F07 /* ImageManager.swift */; };
		EA278A4A226A755400808AED /* OperationStatusCell.xib in Resources */ = {isa = PBXBuildFile; fileRef = EA278A49226A755400808AED /* OperationStatusCell.xib */; };
		EA278A99226A86BE00808AED /* FilteringDataSourceSegment.swift in Sources */ = {isa = PBXBuildFile; fileRef = EA278A98226A86BE00808AED /* FilteringDataSourceSegment.swift */; };
		EA3ABF8E22F19A5C00441F99 /* PhotoDataSourceSegment.swift in Sources */ = {isa = PBXBuildFile; fileRef = EA3ABF8D22F19A5C00441F99 /* PhotoDataSourceSegment.swift */; };
		EA3ABF9622F2EA2700441F99 /* CameraViewController.swift in Sources */ = {isa = PBXBuildFile; fileRef = EA3ABF9522F2EA2700441F99 /* CameraViewController.swift */; };
		EA3ABF9A22F3C32A00441F99 /* Twitarr@3x.png in Resources */ = {isa = PBXBuildFile; fileRef = EA3ABF9922F3C32900441F99 /* Twitarr@3x.png */; };
		EA3ABF9C22F3C49F00441F99 /* Schedule@3x.png in Resources */ = {isa = PBXBuildFile; fileRef = EA3ABF9B22F3C49F00441F99 /* Schedule@3x.png */; };
		EA3ABF9E22F3C64000441F99 /* Seamail@3x.png in Resources */ = {isa = PBXBuildFile; fileRef = EA3ABF9D22F3C64000441F99 /* Seamail@3x.png */; };
		EA3ABFA022F3C6F000441F99 /* Settings@3x.png in Resources */ = {isa = PBXBuildFile; fileRef = EA3ABF9F22F3C6EF00441F99 /* Settings@3x.png */; };
		EA3ABFA222F3C8DA00441F99 /* Forums@3x.png in Resources */ = {isa = PBXBuildFile; fileRef = EA3ABFA122F3C8DA00441F99 /* Forums@3x.png */; };
		EA3ABFA422F3CB0000441F99 /* CameraClose@3x.png in Resources */ = {isa = PBXBuildFile; fileRef = EA3ABFA322F3CB0000441F99 /* CameraClose@3x.png */; };
		EA3ABFAA22F4041200441F99 /* CameraIcon3@3x.png in Resources */ = {isa = PBXBuildFile; fileRef = EA3ABFA922F4041100441F99 /* CameraIcon3@3x.png */; };
		EA3ABFAC22F404E100441F99 /* CameraIcon3Highlight@3x.png in Resources */ = {isa = PBXBuildFile; fileRef = EA3ABFAB22F404E100441F99 /* CameraIcon3Highlight@3x.png */; };
		EA3ABFAF22F4097900441F99 /* CameraRotateHighlight@3x.png in Resources */ = {isa = PBXBuildFile; fileRef = EA3ABFAD22F4097800441F99 /* CameraRotateHighlight@3x.png */; };
		EA3ABFB022F4097900441F99 /* CameraRotate@3x.png in Resources */ = {isa = PBXBuildFile; fileRef = EA3ABFAE22F4097900441F99 /* CameraRotate@3x.png */; };
		EA3ABFB222F414BA00441F99 /* CameraCloseHighlight@3x.png in Resources */ = {isa = PBXBuildFile; fileRef = EA3ABFB122F414BA00441F99 /* CameraCloseHighlight@3x.png */; };
		EA3ABFB422F423F600441F99 /* CameraShutter@3x.png in Resources */ = {isa = PBXBuildFile; fileRef = EA3ABFB322F423F600441F99 /* CameraShutter@3x.png */; };
		EA3ABFB622F434DF00441F99 /* PirateSelfie@3x.png in Resources */ = {isa = PBXBuildFile; fileRef = EA3ABFB522F434DE00441F99 /* PirateSelfie@3x.png */; };
		EA3ABFB922F4FA7E00441F99 /* FlashHighlight@3x.png in Resources */ = {isa = PBXBuildFile; fileRef = EA3ABFB722F4FA7D00441F99 /* FlashHighlight@3x.png */; };
		EA3ABFBA22F4FA7E00441F99 /* Flash@3x.png in Resources */ = {isa = PBXBuildFile; fileRef = EA3ABFB822F4FA7D00441F99 /* Flash@3x.png */; };
		EA3ABFBD22F4FC9C00441F99 /* NoFlash@3x.png in Resources */ = {isa = PBXBuildFile; fileRef = EA3ABFBB22F4FC9C00441F99 /* NoFlash@3x.png */; };
		EA3ABFBE22F4FC9C00441F99 /* NoFlashHighlight@3x.png in Resources */ = {isa = PBXBuildFile; fileRef = EA3ABFBC22F4FC9C00441F99 /* NoFlashHighlight@3x.png */; };
		EA3C630C2290D3E300077E3B /* SeamailSelfMessageCell.xib in Resources */ = {isa = PBXBuildFile; fileRef = EA3C630B2290D3E300077E3B /* SeamailSelfMessageCell.xib */; };
		EA3C630E2293913600077E3B /* ComposeTweetViewController.swift in Sources */ = {isa = PBXBuildFile; fileRef = EA3C630D2293913600077E3B /* ComposeTweetViewController.swift */; };
		EA3C63102296275F00077E3B /* CollectionFlowLayout.swift in Sources */ = {isa = PBXBuildFile; fileRef = EA3C630F2296275F00077E3B /* CollectionFlowLayout.swift */; };
		EA3C63122296BE7800077E3B /* TextViewCell.xib in Resources */ = {isa = PBXBuildFile; fileRef = EA3C63112296BE7800077E3B /* TextViewCell.xib */; };
		EA3C631522975D8400077E3B /* SettingsRootViewController.swift in Sources */ = {isa = PBXBuildFile; fileRef = EA3C631422975D8400077E3B /* SettingsRootViewController.swift */; };
		EA3C63172297EFD400077E3B /* SettingsInfoCell.xib in Resources */ = {isa = PBXBuildFile; fileRef = EA3C63162297EFD400077E3B /* SettingsInfoCell.xib */; };
		EA444A542298A9B70098DE97 /* PostOperation.swift in Sources */ = {isa = PBXBuildFile; fileRef = EA444A532298A9B70098DE97 /* PostOperation.swift */; };
		EA444A58229BEC640098DE97 /* EmojiSelectionCell.swift in Sources */ = {isa = PBXBuildFile; fileRef = EA444A56229BEC640098DE97 /* EmojiSelectionCell.swift */; };
		EA444A59229BEC640098DE97 /* EmojiSelectionCell.xib in Resources */ = {isa = PBXBuildFile; fileRef = EA444A57229BEC640098DE97 /* EmojiSelectionCell.xib */; };
		EA4A1D1622540801008501A3 /* NSSet+EBNObservable.m in Sources */ = {isa = PBXBuildFile; fileRef = EA4A1D0722540801008501A3 /* NSSet+EBNObservable.m */; };
		EA4A1D1722540801008501A3 /* EBNLazyLoader.mm in Sources */ = {isa = PBXBuildFile; fileRef = EA4A1D0822540801008501A3 /* EBNLazyLoader.mm */; };
		EA4A1D1822540801008501A3 /* EBNProtocolBinder.mm in Sources */ = {isa = PBXBuildFile; fileRef = EA4A1D0A22540801008501A3 /* EBNProtocolBinder.mm */; };
		EA4A1D1922540801008501A3 /* EBNKeypathEntryInfo.mm in Sources */ = {isa = PBXBuildFile; fileRef = EA4A1D0E22540801008501A3 /* EBNKeypathEntryInfo.mm */; };
		EA4A1D1A22540801008501A3 /* NSArray+EBNObservable.m in Sources */ = {isa = PBXBuildFile; fileRef = EA4A1D1022540801008501A3 /* NSArray+EBNObservable.m */; };
		EA4A1D1B22540801008501A3 /* Observable.swift in Sources */ = {isa = PBXBuildFile; fileRef = EA4A1D1222540801008501A3 /* Observable.swift */; };
		EA4A1D1C22540801008501A3 /* NSDictionary+EBNObservable.m in Sources */ = {isa = PBXBuildFile; fileRef = EA4A1D1322540801008501A3 /* NSDictionary+EBNObservable.m */; };
		EA4A1D1D22540801008501A3 /* EBNObservation.m in Sources */ = {isa = PBXBuildFile; fileRef = EA4A1D1422540801008501A3 /* EBNObservation.m */; };
		EA4A1D1E22540801008501A3 /* EBNObservable.mm in Sources */ = {isa = PBXBuildFile; fileRef = EA4A1D1522540801008501A3 /* EBNObservable.mm */; };
		EA4E84EC2328734F0059E5EB /* KaraokeLoadingCell.xib in Resources */ = {isa = PBXBuildFile; fileRef = EA4E84EB2328734F0059E5EB /* KaraokeLoadingCell.xib */; };
		EA4E84EE232A2CE70059E5EB /* ServerTimeUpdater.swift in Sources */ = {isa = PBXBuildFile; fileRef = EA4E84ED232A2CE70059E5EB /* ServerTimeUpdater.swift */; };
		EA4E84F0232A2D330059E5EB /* ValidSectionUpdater.swift in Sources */ = {isa = PBXBuildFile; fileRef = EA4E84EF232A2D330059E5EB /* ValidSectionUpdater.swift */; };
		EA4E84F2232C74D00059E5EB /* DisabledContentViewController.swift in Sources */ = {isa = PBXBuildFile; fileRef = EA4E84F1232C74D00059E5EB /* DisabledContentViewController.swift */; };
		EA4E84F4232C74FE0059E5EB /* DisabledContentViewController.xib in Resources */ = {isa = PBXBuildFile; fileRef = EA4E84F3232C74FE0059E5EB /* DisabledContentViewController.xib */; };
		EA4E84FA232CEBFB0059E5EB /* Disabled@3x.png in Resources */ = {isa = PBXBuildFile; fileRef = EA4E84F9232CEBFB0059E5EB /* Disabled@3x.png */; };
		EA534E2922FD1B9200FE4787 /* KrakenNavController.swift in Sources */ = {isa = PBXBuildFile; fileRef = EA534E2822FD1B9200FE4787 /* KrakenNavController.swift */; };
		EA534E2C2301FFE500FE4787 /* ScheduleRootViewController.swift in Sources */ = {isa = PBXBuildFile; fileRef = EA534E2B2301FFE500FE4787 /* ScheduleRootViewController.swift */; };
		EA534E2E2302164000FE4787 /* EventsDataManager.swift in Sources */ = {isa = PBXBuildFile; fileRef = EA534E2D2302164000FE4787 /* EventsDataManager.swift */; };
		EA534E31230299AE00FE4787 /* EventCell.swift in Sources */ = {isa = PBXBuildFile; fileRef = EA534E2F230299AE00FE4787 /* EventCell.swift */; };
		EA534E32230299AE00FE4787 /* EventCell.xib in Resources */ = {isa = PBXBuildFile; fileRef = EA534E30230299AE00FE4787 /* EventCell.xib */; };
		EA5E2A5C22595AAD00CB4A11 /* TwitarrModel.xcdatamodeld in Sources */ = {isa = PBXBuildFile; fileRef = EA333C8D225818A600247B3E /* TwitarrModel.xcdatamodeld */; };
		EA5E2A5E2259801F00CB4A11 /* LocalCoreData.swift in Sources */ = {isa = PBXBuildFile; fileRef = EA5E2A5D2259801F00CB4A11 /* LocalCoreData.swift */; };
		EA6A8A76231908F80071BFEA /* EventSectionHeaderView.xib in Resources */ = {isa = PBXBuildFile; fileRef = EA6A8A75231908F80071BFEA /* EventSectionHeaderView.xib */; };
		EA6A8A7823190A080071BFEA /* EventSectionHeaderView.swift in Sources */ = {isa = PBXBuildFile; fileRef = EA6A8A7723190A080071BFEA /* EventSectionHeaderView.swift */; };
		EA6A8A82231E212A0071BFEA /* Alerts.swift in Sources */ = {isa = PBXBuildFile; fileRef = EA6A8A81231E212A0071BFEA /* Alerts.swift */; };
		EA6DBB1122D172EC009D479D /* PendingTwitarrRepliesVC.swift in Sources */ = {isa = PBXBuildFile; fileRef = EA6DBB1022D172EC009D479D /* PendingTwitarrRepliesVC.swift */; };
		EA86ADCF226AC55B00363CBF /* UserProfileViewController.swift in Sources */ = {isa = PBXBuildFile; fileRef = EA9E5BD82261C67E0073A863 /* UserProfileViewController.swift */; };
		EA86ADD12272813800363CBF /* LoginHeaderCell.xib in Resources */ = {isa = PBXBuildFile; fileRef = EA86ADD02272813800363CBF /* LoginHeaderCell.xib */; };
		EA86ADD42272855000363CBF /* jellyfish.png in Resources */ = {isa = PBXBuildFile; fileRef = EA86ADD32272855000363CBF /* jellyfish.png */; };
		EA86ADD62272B1EE00363CBF /* TextFieldCell.xib in Resources */ = {isa = PBXBuildFile; fileRef = EA86ADD52272B1EE00363CBF /* TextFieldCell.xib */; };
		EA86ADD82272BAD300363CBF /* OperationStatusCell.swift in Sources */ = {isa = PBXBuildFile; fileRef = EA86ADD72272BAD300363CBF /* OperationStatusCell.swift */; };
		EA86ADDA22730C7300363CBF /* ButtonCell.xib in Resources */ = {isa = PBXBuildFile; fileRef = EA86ADD922730C7300363CBF /* ButtonCell.xib */; };
		EA86ADDC22745A5800363CBF /* BaseCollectionViewController.swift in Sources */ = {isa = PBXBuildFile; fileRef = EA86ADDB22745A5800363CBF /* BaseCollectionViewController.swift */; };
		EA86ADDE2275BD3500363CBF /* LabelCell.xib in Resources */ = {isa = PBXBuildFile; fileRef = EA86ADDD2275BD3500363CBF /* LabelCell.xib */; };
		EA86ADE02277A76D00363CBF /* TwitarrTweetCell.xib in Resources */ = {isa = PBXBuildFile; fileRef = EA86ADDF2277A76D00363CBF /* TwitarrTweetCell.xib */; };
		EA86ADE22279836D00363CBF /* ProfileAvatarLeftCell.xib in Resources */ = {isa = PBXBuildFile; fileRef = EA86ADE12279836D00363CBF /* ProfileAvatarLeftCell.xib */; };
		EA86ADE4227983B600363CBF /* ProfileAvatarTopCell.xib in Resources */ = {isa = PBXBuildFile; fileRef = EA86ADE3227983B600363CBF /* ProfileAvatarTopCell.xib */; };
		EA86ADE6227983E500363CBF /* SingleValueCell.xib in Resources */ = {isa = PBXBuildFile; fileRef = EA86ADE5227983E500363CBF /* SingleValueCell.xib */; };
		EA86ADE82279B49400363CBF /* DisclosureCell.xib in Resources */ = {isa = PBXBuildFile; fileRef = EA86ADE72279B49400363CBF /* DisclosureCell.xib */; };
		EA86ADEA2279B4E400363CBF /* ProfileCommentCell.xib in Resources */ = {isa = PBXBuildFile; fileRef = EA86ADE92279B4E400363CBF /* ProfileCommentCell.xib */; };
		EA86ADEE227D188A00363CBF /* ServerTextFileParser.swift in Sources */ = {isa = PBXBuildFile; fileRef = EA86ADED227D188A00363CBF /* ServerTextFileParser.swift */; };
		EA86ADF0227D18AD00363CBF /* ServerTextFileViewController.swift in Sources */ = {isa = PBXBuildFile; fileRef = EA86ADEF227D18AD00363CBF /* ServerTextFileViewController.swift */; };
		EA86ADF2227F7EA600363CBF /* SeamailDataManager.swift in Sources */ = {isa = PBXBuildFile; fileRef = EA86ADF1227F7EA600363CBF /* SeamailDataManager.swift */; };
		EA86ADF522880AD300363CBF /* SeamailThreadCell.swift in Sources */ = {isa = PBXBuildFile; fileRef = EA86ADF322880AD300363CBF /* SeamailThreadCell.swift */; };
		EA86ADF622880AD300363CBF /* SeamailThreadCell.xib in Resources */ = {isa = PBXBuildFile; fileRef = EA86ADF422880AD300363CBF /* SeamailThreadCell.xib */; };
		EA8B986223225B7C00E10156 /* Social@3x.png in Resources */ = {isa = PBXBuildFile; fileRef = EA8B986123225B7C00E10156 /* Social@3x.png */; };
		EA8B986423225E4F00E10156 /* SocialCell.xib in Resources */ = {isa = PBXBuildFile; fileRef = EA8B986323225E4F00E10156 /* SocialCell.xib */; };
		EA8B98682322673400E10156 /* Karaoke@3x.png in Resources */ = {isa = PBXBuildFile; fileRef = EA8B98672322673400E10156 /* Karaoke@3x.png */; };
		EA8B9873232393C500E10156 /* JoCoKaraokeSongCatalog.lzfse in Resources */ = {isa = PBXBuildFile; fileRef = EA8B9872232393C500E10156 /* JoCoKaraokeSongCatalog.lzfse */; };
		EA8B98752323A58100E10156 /* KaraokeSongCell.xib in Resources */ = {isa = PBXBuildFile; fileRef = EA8B98742323A58100E10156 /* KaraokeSongCell.xib */; };
		EA8B98772323A73800E10156 /* ArtistIcon@3x.png in Resources */ = {isa = PBXBuildFile; fileRef = EA8B98762323A73800E10156 /* ArtistIcon@3x.png */; };
		EA8B987B2323C13B00E10156 /* ChevronRightGrey@3x.png in Resources */ = {isa = PBXBuildFile; fileRef = EA8B98782323C13B00E10156 /* ChevronRightGrey@3x.png */; };
		EA8B987C2323C13B00E10156 /* ChevronDownGrey@3x.png in Resources */ = {isa = PBXBuildFile; fileRef = EA8B98792323C13B00E10156 /* ChevronDownGrey@3x.png */; };
		EA8B987D2323C13B00E10156 /* ChevronRight@3x.png in Resources */ = {isa = PBXBuildFile; fileRef = EA8B987A2323C13B00E10156 /* ChevronRight@3x.png */; };
		EA8B987F232456BB00E10156 /* KaraokeArtistSectionHeaderView.xib in Resources */ = {isa = PBXBuildFile; fileRef = EA8B987E232456BB00E10156 /* KaraokeArtistSectionHeaderView.xib */; };
		EA8B98812324623600E10156 /* ChevronUpGrey@3x.png in Resources */ = {isa = PBXBuildFile; fileRef = EA8B98802324623600E10156 /* ChevronUpGrey@3x.png */; };
		EA8B988323247BCA00E10156 /* SongIcon@3x.png in Resources */ = {isa = PBXBuildFile; fileRef = EA8B988223247BCA00E10156 /* SongIcon@3x.png */; };
		EA8B98862324D56D00E10156 /* FavoriteHeart@3x.png in Resources */ = {isa = PBXBuildFile; fileRef = EA8B98842324D56C00E10156 /* FavoriteHeart@3x.png */; };
		EA8B98872324D56D00E10156 /* FavoriteHeartGrey@3x.png in Resources */ = {isa = PBXBuildFile; fileRef = EA8B98852324D56D00E10156 /* FavoriteHeartGrey@3x.png */; };
		EA8B9889232641DB00E10156 /* KaraokeRootViewController.swift in Sources */ = {isa = PBXBuildFile; fileRef = EA8B9888232641DB00E10156 /* KaraokeRootViewController.swift */; };
		EA90455F22DC032C00790F97 /* SmallUserCell.swift in Sources */ = {isa = PBXBuildFile; fileRef = EA90455E22DC032C00790F97 /* SmallUserCell.swift */; };
		EA90456122DC067D00790F97 /* RedDeleteIcon.png in Resources */ = {isa = PBXBuildFile; fileRef = EA90456022DC067D00790F97 /* RedDeleteIcon.png */; };
		EA90456322DC9EC800790F97 /* UnknownUser.png in Resources */ = {isa = PBXBuildFile; fileRef = EA90456222DC9EC700790F97 /* UnknownUser.png */; };
		EAA02846232057D900B2B7F1 /* Notifications.swift in Sources */ = {isa = PBXBuildFile; fileRef = EAA02845232057D900B2B7F1 /* Notifications.swift */; };
		EAA028482320A94300B2B7F1 /* RootTabBarViewController.swift in Sources */ = {isa = PBXBuildFile; fileRef = EAA028472320A94300B2B7F1 /* RootTabBarViewController.swift */; };
		EAA0284C2321ED7300B2B7F1 /* SocialViewController.swift in Sources */ = {isa = PBXBuildFile; fileRef = EAA0284B2321ED7300B2B7F1 /* SocialViewController.swift */; };
		EAA0E91222E942770077D5D0 /* SwiftUtils.swift in Sources */ = {isa = PBXBuildFile; fileRef = EAA0E91122E942770077D5D0 /* SwiftUtils.swift */; };
		EAA2E4BD2242D300009F287F /* AppDelegate.swift in Sources */ = {isa = PBXBuildFile; fileRef = EAA2E4BC2242D300009F287F /* AppDelegate.swift */; };
		EAA2E4C12242D300009F287F /* ForumsRootViewController.swift in Sources */ = {isa = PBXBuildFile; fileRef = EAA2E4C02242D300009F287F /* ForumsRootViewController.swift */; };
		EAA2E4C42242D300009F287F /* Main.storyboard in Resources */ = {isa = PBXBuildFile; fileRef = EAA2E4C22242D300009F287F /* Main.storyboard */; };
		EAA2E4C62242D301009F287F /* Assets.xcassets in Resources */ = {isa = PBXBuildFile; fileRef = EAA2E4C52242D301009F287F /* Assets.xcassets */; };
		EAA2E4C92242D301009F287F /* LaunchScreen.storyboard in Resources */ = {isa = PBXBuildFile; fileRef = EAA2E4C72242D301009F287F /* LaunchScreen.storyboard */; };
		EAA2E4D42242D301009F287F /* KrakenTests.swift in Sources */ = {isa = PBXBuildFile; fileRef = EAA2E4D32242D301009F287F /* KrakenTests.swift */; };
		EAA2E4DF2242D301009F287F /* KrakenUITests.swift in Sources */ = {isa = PBXBuildFile; fileRef = EAA2E4DE2242D301009F287F /* KrakenUITests.swift */; };
		EAA62C6D22C2B5FA0031A999 /* DisclosureCell.swift in Sources */ = {isa = PBXBuildFile; fileRef = EAA62C6C22C2B5FA0031A999 /* DisclosureCell.swift */; };
		EAA62C6F22C2F10A0031A999 /* SettingsTasksViewController.swift in Sources */ = {isa = PBXBuildFile; fileRef = EAA62C6E22C2F10A0031A999 /* SettingsTasksViewController.swift */; };
		EAA62C7122C55CC00031A999 /* Logging.swift in Sources */ = {isa = PBXBuildFile; fileRef = EAA62C7022C55CC00031A999 /* Logging.swift */; };
		EAA62C7322CC57060031A999 /* DraftImageCell.xib in Resources */ = {isa = PBXBuildFile; fileRef = EAA62C7222CC57060031A999 /* DraftImageCell.xib */; };
		EAB4536922D1F63900CD1671 /* LabelCell.swift in Sources */ = {isa = PBXBuildFile; fileRef = EAB4536822D1F63900CD1671 /* LabelCell.swift */; };
		EAB4536B22D1F6DF00CD1671 /* TextCells.swift in Sources */ = {isa = PBXBuildFile; fileRef = EAB4536A22D1F6DF00CD1671 /* TextCells.swift */; };
		EAB4536D22D1F75600CD1671 /* ButtonCell.swift in Sources */ = {isa = PBXBuildFile; fileRef = EAB4536C22D1F75600CD1671 /* ButtonCell.swift */; };
		EAB4536F22D1F7F200CD1671 /* SwitchCell.xib in Resources */ = {isa = PBXBuildFile; fileRef = EAB4536E22D1F7F200CD1671 /* SwitchCell.xib */; };
		EAB4537122D1F8BA00CD1671 /* SwitchCell.swift in Sources */ = {isa = PBXBuildFile; fileRef = EAB4537022D1F8BA00CD1671 /* SwitchCell.swift */; };
		EAB4537322D3D0CE00CD1671 /* ComposeSeamailThreadVC.swift in Sources */ = {isa = PBXBuildFile; fileRef = EAB4537222D3D0CE00CD1671 /* ComposeSeamailThreadVC.swift */; };
		EAB4537622D58FEA00CD1671 /* UserListCell.swift in Sources */ = {isa = PBXBuildFile; fileRef = EAB4537422D58FEA00CD1671 /* UserListCell.swift */; };
		EAB4537722D58FEA00CD1671 /* UserListCell.xib in Resources */ = {isa = PBXBuildFile; fileRef = EAB4537522D58FEA00CD1671 /* UserListCell.xib */; };
		EAB94EA022A9AC6D0018FEC6 /* Reaction.swift in Sources */ = {isa = PBXBuildFile; fileRef = EAB94E9F22A9AC6D0018FEC6 /* Reaction.swift */; };
		EAC696E7228CDB7B00EE6EEB /* SeamailThreadViewController.swift in Sources */ = {isa = PBXBuildFile; fileRef = EAC696E6228CDB7B00EE6EEB /* SeamailThreadViewController.swift */; };
		EAC696EA228D653300EE6EEB /* SeamailMessageCell.swift in Sources */ = {isa = PBXBuildFile; fileRef = EAC696E8228D653300EE6EEB /* SeamailMessageCell.swift */; };
		EAC696EB228D653300EE6EEB /* SeamailMessageCell.xib in Resources */ = {isa = PBXBuildFile; fileRef = EAC696E9228D653300EE6EEB /* SeamailMessageCell.xib */; };
		EAC696ED2290159000EE6EEB /* StringUtilities.swift in Sources */ = {isa = PBXBuildFile; fileRef = EAC696EC2290159000EE6EEB /* StringUtilities.swift */; };
		EAC71D4A228A13F6002F7BB3 /* FRCDataSourceSegment.swift in Sources */ = {isa = PBXBuildFile; fileRef = EAC71D49228A13F6002F7BB3 /* FRCDataSourceSegment.swift */; };
		EAC71D6D228ACC4F002F7BB3 /* SmallUserCell.xib in Resources */ = {isa = PBXBuildFile; fileRef = EAC71D6C228ACC4F002F7BB3 /* SmallUserCell.xib */; };
		EADE3C1122EEEE3E00841DF4 /* RefreshTimers.swift in Sources */ = {isa = PBXBuildFile; fileRef = EADE3C1022EEEE3E00841DF4 /* RefreshTimers.swift */; };
		EAE4D10F22FA92A200887AC1 /* CoreMotion.swift in Sources */ = {isa = PBXBuildFile; fileRef = EAE4D10E22FA92A200887AC1 /* CoreMotion.swift */; };
		EAE5914B229E4A34002B5DEF /* BlueButtonHighlight.png in Resources */ = {isa = PBXBuildFile; fileRef = EAE5914A229E4A34002B5DEF /* BlueButtonHighlight.png */; };
		EAE5914E229E5A78002B5DEF /* PhotoSelectionCell.swift in Sources */ = {isa = PBXBuildFile; fileRef = EAE5914C229E5A78002B5DEF /* PhotoSelectionCell.swift */; };
		EAE5914F229E5A78002B5DEF /* PhotoSelectionCell.xib in Resources */ = {isa = PBXBuildFile; fileRef = EAE5914D229E5A78002B5DEF /* PhotoSelectionCell.xib */; };
		EAE59152229EA345002B5DEF /* Photos.framework in Frameworks */ = {isa = PBXBuildFile; fileRef = EAE59151229EA345002B5DEF /* Photos.framework */; };
		EAEC5A7622B7041800605F5F /* KrakenDataSource.swift in Sources */ = {isa = PBXBuildFile; fileRef = EAEC5A7522B7041800605F5F /* KrakenDataSource.swift */; };
		EAEF3410224ED88300C7A0D9 /* LoginCells.swift in Sources */ = {isa = PBXBuildFile; fileRef = EAEF340F224ED88300C7A0D9 /* LoginCells.swift */; };
		EAEF3414224EED9100C7A0D9 /* SeamailRootViewController.swift in Sources */ = {isa = PBXBuildFile; fileRef = EAEF3413224EED9100C7A0D9 /* SeamailRootViewController.swift */; };
		EAEF3416224FF6C300C7A0D9 /* TwitarrTweetCell.swift in Sources */ = {isa = PBXBuildFile; fileRef = EAEF3415224FF6C300C7A0D9 /* TwitarrTweetCell.swift */; };
		EAF777F722A3B1D000B27803 /* ModalLoginViewController.swift in Sources */ = {isa = PBXBuildFile; fileRef = EAF777F622A3B1D000B27803 /* ModalLoginViewController.swift */; };
/* End PBXBuildFile section */

/* Begin PBXContainerItemProxy section */
		EAA2E4D02242D301009F287F /* PBXContainerItemProxy */ = {
			isa = PBXContainerItemProxy;
			containerPortal = EAA2E4B12242D300009F287F /* Project object */;
			proxyType = 1;
			remoteGlobalIDString = EAA2E4B82242D300009F287F;
			remoteInfo = Kraken;
		};
		EAA2E4DB2242D301009F287F /* PBXContainerItemProxy */ = {
			isa = PBXContainerItemProxy;
			containerPortal = EAA2E4B12242D300009F287F /* Project object */;
			proxyType = 1;
			remoteGlobalIDString = EAA2E4B82242D300009F287F;
			remoteInfo = Kraken;
		};
/* End PBXContainerItemProxy section */

/* Begin PBXFileReference section */
		EA1B9E0A2266A1E50082A908 /* BaseCollectionViewCell.swift */ = {isa = PBXFileReference; lastKnownFileType = sourcecode.swift; path = BaseCollectionViewCell.swift; sourceTree = "<group>"; };
		EA1E3B8B2242F04600017F07 /* Twitarr API V2 Notes.md */ = {isa = PBXFileReference; lastKnownFileType = net.daringfireball.markdown; path = "Twitarr API V2 Notes.md"; sourceTree = "<group>"; };
		EA1E3B8C22430A7D00017F07 /* Managers Overview.md */ = {isa = PBXFileReference; lastKnownFileType = net.daringfireball.markdown; path = "Managers Overview.md"; sourceTree = "<group>"; };
		EA1E3B9022457A1800017F07 /* TwitarrViewController.swift */ = {isa = PBXFileReference; lastKnownFileType = sourcecode.swift; path = TwitarrViewController.swift; sourceTree = "<group>"; };
		EA1E3B9422457A4C00017F07 /* TwitarrDataManager.swift */ = {isa = PBXFileReference; lastKnownFileType = sourcecode.swift; path = TwitarrDataManager.swift; sourceTree = "<group>"; };
		EA1E3B97224584BC00017F07 /* UserManager.swift */ = {isa = PBXFileReference; lastKnownFileType = sourcecode.swift; path = UserManager.swift; sourceTree = "<group>"; };
		EA1E3B992245CF3000017F07 /* CurrentUser.swift */ = {isa = PBXFileReference; lastKnownFileType = sourcecode.swift; path = CurrentUser.swift; sourceTree = "<group>"; };
		EA1E3B9C22461D0300017F07 /* NetworkGovernor.swift */ = {isa = PBXFileReference; lastKnownFileType = sourcecode.swift; path = NetworkGovernor.swift; sourceTree = "<group>"; };
		EA1E3B9E2246CDF700017F07 /* Settings.swift */ = {isa = PBXFileReference; lastKnownFileType = sourcecode.swift; path = Settings.swift; sourceTree = "<group>"; };
		EA1E3BA02248153F00017F07 /* Feature plans.md */ = {isa = PBXFileReference; lastKnownFileType = net.daringfireball.markdown; path = "Feature plans.md"; sourceTree = "<group>"; };
		EA1E3BA2224D858700017F07 /* ImageManager.swift */ = {isa = PBXFileReference; lastKnownFileType = sourcecode.swift; path = ImageManager.swift; sourceTree = "<group>"; };
		EA278A49226A755400808AED /* OperationStatusCell.xib */ = {isa = PBXFileReference; lastKnownFileType = file.xib; path = OperationStatusCell.xib; sourceTree = "<group>"; };
		EA278A98226A86BE00808AED /* FilteringDataSourceSegment.swift */ = {isa = PBXFileReference; lastKnownFileType = sourcecode.swift; path = FilteringDataSourceSegment.swift; sourceTree = "<group>"; };
		EA333C3F22540D1300247B3E /* Kraken-Bridging-Header.h */ = {isa = PBXFileReference; lastKnownFileType = sourcecode.c.h; name = "Kraken-Bridging-Header.h"; path = "Core/Kraken-Bridging-Header.h"; sourceTree = "<group>"; };
		EA333C8E225818A600247B3E /* Model.xcdatamodel */ = {isa = PBXFileReference; lastKnownFileType = wrapper.xcdatamodel; path = Model.xcdatamodel; sourceTree = "<group>"; };
		EA3ABF8A22F198D000441F99 /* Credits.md */ = {isa = PBXFileReference; lastKnownFileType = net.daringfireball.markdown; path = Credits.md; sourceTree = "<group>"; };
		EA3ABF8D22F19A5C00441F99 /* PhotoDataSourceSegment.swift */ = {isa = PBXFileReference; lastKnownFileType = sourcecode.swift; path = PhotoDataSourceSegment.swift; sourceTree = "<group>"; };
		EA3ABF9522F2EA2700441F99 /* CameraViewController.swift */ = {isa = PBXFileReference; lastKnownFileType = sourcecode.swift; path = CameraViewController.swift; sourceTree = "<group>"; };
		EA3ABF9922F3C32900441F99 /* Twitarr@3x.png */ = {isa = PBXFileReference; lastKnownFileType = image.png; path = "Twitarr@3x.png"; sourceTree = "<group>"; };
		EA3ABF9B22F3C49F00441F99 /* Schedule@3x.png */ = {isa = PBXFileReference; lastKnownFileType = image.png; path = "Schedule@3x.png"; sourceTree = "<group>"; };
		EA3ABF9D22F3C64000441F99 /* Seamail@3x.png */ = {isa = PBXFileReference; lastKnownFileType = image.png; path = "Seamail@3x.png"; sourceTree = "<group>"; };
		EA3ABF9F22F3C6EF00441F99 /* Settings@3x.png */ = {isa = PBXFileReference; lastKnownFileType = image.png; path = "Settings@3x.png"; sourceTree = "<group>"; };
		EA3ABFA122F3C8DA00441F99 /* Forums@3x.png */ = {isa = PBXFileReference; lastKnownFileType = image.png; path = "Forums@3x.png"; sourceTree = "<group>"; };
		EA3ABFA322F3CB0000441F99 /* CameraClose@3x.png */ = {isa = PBXFileReference; lastKnownFileType = image.png; path = "CameraClose@3x.png"; sourceTree = "<group>"; };
		EA3ABFA922F4041100441F99 /* CameraIcon3@3x.png */ = {isa = PBXFileReference; lastKnownFileType = image.png; path = "CameraIcon3@3x.png"; sourceTree = "<group>"; };
		EA3ABFAB22F404E100441F99 /* CameraIcon3Highlight@3x.png */ = {isa = PBXFileReference; lastKnownFileType = image.png; path = "CameraIcon3Highlight@3x.png"; sourceTree = "<group>"; };
		EA3ABFAD22F4097800441F99 /* CameraRotateHighlight@3x.png */ = {isa = PBXFileReference; lastKnownFileType = image.png; path = "CameraRotateHighlight@3x.png"; sourceTree = "<group>"; };
		EA3ABFAE22F4097900441F99 /* CameraRotate@3x.png */ = {isa = PBXFileReference; lastKnownFileType = image.png; path = "CameraRotate@3x.png"; sourceTree = "<group>"; };
		EA3ABFB122F414BA00441F99 /* CameraCloseHighlight@3x.png */ = {isa = PBXFileReference; lastKnownFileType = image.png; path = "CameraCloseHighlight@3x.png"; sourceTree = "<group>"; };
		EA3ABFB322F423F600441F99 /* CameraShutter@3x.png */ = {isa = PBXFileReference; lastKnownFileType = image.png; path = "CameraShutter@3x.png"; sourceTree = "<group>"; };
		EA3ABFB522F434DE00441F99 /* PirateSelfie@3x.png */ = {isa = PBXFileReference; lastKnownFileType = image.png; path = "PirateSelfie@3x.png"; sourceTree = "<group>"; };
		EA3ABFB722F4FA7D00441F99 /* FlashHighlight@3x.png */ = {isa = PBXFileReference; lastKnownFileType = image.png; path = "FlashHighlight@3x.png"; sourceTree = "<group>"; };
		EA3ABFB822F4FA7D00441F99 /* Flash@3x.png */ = {isa = PBXFileReference; lastKnownFileType = image.png; path = "Flash@3x.png"; sourceTree = "<group>"; };
		EA3ABFBB22F4FC9C00441F99 /* NoFlash@3x.png */ = {isa = PBXFileReference; lastKnownFileType = image.png; path = "NoFlash@3x.png"; sourceTree = "<group>"; };
		EA3ABFBC22F4FC9C00441F99 /* NoFlashHighlight@3x.png */ = {isa = PBXFileReference; lastKnownFileType = image.png; path = "NoFlashHighlight@3x.png"; sourceTree = "<group>"; };
		EA3C630B2290D3E300077E3B /* SeamailSelfMessageCell.xib */ = {isa = PBXFileReference; fileEncoding = 4; lastKnownFileType = file.xib; path = SeamailSelfMessageCell.xib; sourceTree = "<group>"; };
		EA3C630D2293913600077E3B /* ComposeTweetViewController.swift */ = {isa = PBXFileReference; lastKnownFileType = sourcecode.swift; path = ComposeTweetViewController.swift; sourceTree = "<group>"; };
		EA3C630F2296275F00077E3B /* CollectionFlowLayout.swift */ = {isa = PBXFileReference; lastKnownFileType = sourcecode.swift; path = CollectionFlowLayout.swift; sourceTree = "<group>"; };
		EA3C63112296BE7800077E3B /* TextViewCell.xib */ = {isa = PBXFileReference; lastKnownFileType = file.xib; path = TextViewCell.xib; sourceTree = "<group>"; };
		EA3C631422975D8400077E3B /* SettingsRootViewController.swift */ = {isa = PBXFileReference; lastKnownFileType = sourcecode.swift; path = SettingsRootViewController.swift; sourceTree = "<group>"; };
		EA3C63162297EFD400077E3B /* SettingsInfoCell.xib */ = {isa = PBXFileReference; lastKnownFileType = file.xib; path = SettingsInfoCell.xib; sourceTree = "<group>"; };
		EA444A532298A9B70098DE97 /* PostOperation.swift */ = {isa = PBXFileReference; lastKnownFileType = sourcecode.swift; path = PostOperation.swift; sourceTree = "<group>"; };
		EA444A56229BEC640098DE97 /* EmojiSelectionCell.swift */ = {isa = PBXFileReference; lastKnownFileType = sourcecode.swift; path = EmojiSelectionCell.swift; sourceTree = "<group>"; };
		EA444A57229BEC640098DE97 /* EmojiSelectionCell.xib */ = {isa = PBXFileReference; lastKnownFileType = file.xib; path = EmojiSelectionCell.xib; sourceTree = "<group>"; };
		EA4A1D0522540801008501A3 /* NSArray+EBNObservable.h */ = {isa = PBXFileReference; fileEncoding = 4; lastKnownFileType = sourcecode.c.h; path = "NSArray+EBNObservable.h"; sourceTree = "<group>"; };
		EA4A1D0622540801008501A3 /* EBNLazyLoader.h */ = {isa = PBXFileReference; fileEncoding = 4; lastKnownFileType = sourcecode.c.h; path = EBNLazyLoader.h; sourceTree = "<group>"; };
		EA4A1D0722540801008501A3 /* NSSet+EBNObservable.m */ = {isa = PBXFileReference; fileEncoding = 4; lastKnownFileType = sourcecode.c.objc; path = "NSSet+EBNObservable.m"; sourceTree = "<group>"; };
		EA4A1D0822540801008501A3 /* EBNLazyLoader.mm */ = {isa = PBXFileReference; fileEncoding = 4; lastKnownFileType = sourcecode.cpp.objcpp; path = EBNLazyLoader.mm; sourceTree = "<group>"; };
		EA4A1D0922540801008501A3 /* EBNObservableInternal.h */ = {isa = PBXFileReference; fileEncoding = 4; lastKnownFileType = sourcecode.c.h; path = EBNObservableInternal.h; sourceTree = "<group>"; };
		EA4A1D0A22540801008501A3 /* EBNProtocolBinder.mm */ = {isa = PBXFileReference; fileEncoding = 4; lastKnownFileType = sourcecode.cpp.objcpp; path = EBNProtocolBinder.mm; sourceTree = "<group>"; };
		EA4A1D0B22540801008501A3 /* EBNObservation.h */ = {isa = PBXFileReference; fileEncoding = 4; lastKnownFileType = sourcecode.c.h; path = EBNObservation.h; sourceTree = "<group>"; };
		EA4A1D0C22540801008501A3 /* EBNProtocolBinder.h */ = {isa = PBXFileReference; fileEncoding = 4; lastKnownFileType = sourcecode.c.h; path = EBNProtocolBinder.h; sourceTree = "<group>"; };
		EA4A1D0D22540801008501A3 /* NSDictionary+EBNObservable.h */ = {isa = PBXFileReference; fileEncoding = 4; lastKnownFileType = sourcecode.c.h; path = "NSDictionary+EBNObservable.h"; sourceTree = "<group>"; };
		EA4A1D0E22540801008501A3 /* EBNKeypathEntryInfo.mm */ = {isa = PBXFileReference; fileEncoding = 4; lastKnownFileType = sourcecode.cpp.objcpp; path = EBNKeypathEntryInfo.mm; sourceTree = "<group>"; };
		EA4A1D0F22540801008501A3 /* NSSet+EBNObservable.h */ = {isa = PBXFileReference; fileEncoding = 4; lastKnownFileType = sourcecode.c.h; path = "NSSet+EBNObservable.h"; sourceTree = "<group>"; };
		EA4A1D1022540801008501A3 /* NSArray+EBNObservable.m */ = {isa = PBXFileReference; fileEncoding = 4; lastKnownFileType = sourcecode.c.objc; path = "NSArray+EBNObservable.m"; sourceTree = "<group>"; };
		EA4A1D1122540801008501A3 /* EBNObservable.h */ = {isa = PBXFileReference; fileEncoding = 4; lastKnownFileType = sourcecode.c.h; path = EBNObservable.h; sourceTree = "<group>"; };
		EA4A1D1222540801008501A3 /* Observable.swift */ = {isa = PBXFileReference; fileEncoding = 4; lastKnownFileType = sourcecode.swift; path = Observable.swift; sourceTree = "<group>"; };
		EA4A1D1322540801008501A3 /* NSDictionary+EBNObservable.m */ = {isa = PBXFileReference; fileEncoding = 4; lastKnownFileType = sourcecode.c.objc; path = "NSDictionary+EBNObservable.m"; sourceTree = "<group>"; };
		EA4A1D1422540801008501A3 /* EBNObservation.m */ = {isa = PBXFileReference; fileEncoding = 4; lastKnownFileType = sourcecode.c.objc; path = EBNObservation.m; sourceTree = "<group>"; };
		EA4A1D1522540801008501A3 /* EBNObservable.mm */ = {isa = PBXFileReference; fileEncoding = 4; lastKnownFileType = sourcecode.cpp.objcpp; path = EBNObservable.mm; sourceTree = "<group>"; };
		EA4A1D1F225408DC008501A3 /* EBNDebugUtilities.h */ = {isa = PBXFileReference; lastKnownFileType = sourcecode.c.h; path = EBNDebugUtilities.h; sourceTree = "<group>"; };
		EA4E84EB2328734F0059E5EB /* KaraokeLoadingCell.xib */ = {isa = PBXFileReference; lastKnownFileType = file.xib; path = KaraokeLoadingCell.xib; sourceTree = "<group>"; };
		EA4E84ED232A2CE70059E5EB /* ServerTimeUpdater.swift */ = {isa = PBXFileReference; lastKnownFileType = sourcecode.swift; path = ServerTimeUpdater.swift; sourceTree = "<group>"; };
		EA4E84EF232A2D330059E5EB /* ValidSectionUpdater.swift */ = {isa = PBXFileReference; lastKnownFileType = sourcecode.swift; path = ValidSectionUpdater.swift; sourceTree = "<group>"; };
		EA4E84F1232C74D00059E5EB /* DisabledContentViewController.swift */ = {isa = PBXFileReference; lastKnownFileType = sourcecode.swift; path = DisabledContentViewController.swift; sourceTree = "<group>"; };
		EA4E84F3232C74FE0059E5EB /* DisabledContentViewController.xib */ = {isa = PBXFileReference; lastKnownFileType = file.xib; path = DisabledContentViewController.xib; sourceTree = "<group>"; };
		EA4E84F9232CEBFB0059E5EB /* Disabled@3x.png */ = {isa = PBXFileReference; lastKnownFileType = image.png; path = "Disabled@3x.png"; sourceTree = "<group>"; };
		EA534E2822FD1B9200FE4787 /* KrakenNavController.swift */ = {isa = PBXFileReference; lastKnownFileType = sourcecode.swift; path = KrakenNavController.swift; sourceTree = "<group>"; };
		EA534E2B2301FFE500FE4787 /* ScheduleRootViewController.swift */ = {isa = PBXFileReference; lastKnownFileType = sourcecode.swift; path = ScheduleRootViewController.swift; sourceTree = "<group>"; };
		EA534E2D2302164000FE4787 /* EventsDataManager.swift */ = {isa = PBXFileReference; lastKnownFileType = sourcecode.swift; path = EventsDataManager.swift; sourceTree = "<group>"; };
		EA534E2F230299AE00FE4787 /* EventCell.swift */ = {isa = PBXFileReference; lastKnownFileType = sourcecode.swift; path = EventCell.swift; sourceTree = "<group>"; };
		EA534E30230299AE00FE4787 /* EventCell.xib */ = {isa = PBXFileReference; lastKnownFileType = file.xib; path = EventCell.xib; sourceTree = "<group>"; };
		EA5E2A5D2259801F00CB4A11 /* LocalCoreData.swift */ = {isa = PBXFileReference; lastKnownFileType = sourcecode.swift; path = LocalCoreData.swift; sourceTree = "<group>"; };
		EA6A8A75231908F80071BFEA /* EventSectionHeaderView.xib */ = {isa = PBXFileReference; lastKnownFileType = file.xib; path = EventSectionHeaderView.xib; sourceTree = "<group>"; };
		EA6A8A7723190A080071BFEA /* EventSectionHeaderView.swift */ = {isa = PBXFileReference; lastKnownFileType = sourcecode.swift; path = EventSectionHeaderView.swift; sourceTree = "<group>"; };
		EA6A8A81231E212A0071BFEA /* Alerts.swift */ = {isa = PBXFileReference; lastKnownFileType = sourcecode.swift; path = Alerts.swift; sourceTree = "<group>"; };
		EA6DBB1022D172EC009D479D /* PendingTwitarrRepliesVC.swift */ = {isa = PBXFileReference; lastKnownFileType = sourcecode.swift; path = PendingTwitarrRepliesVC.swift; sourceTree = "<group>"; };
		EA86ADD02272813800363CBF /* LoginHeaderCell.xib */ = {isa = PBXFileReference; lastKnownFileType = file.xib; path = LoginHeaderCell.xib; sourceTree = "<group>"; };
		EA86ADD32272855000363CBF /* jellyfish.png */ = {isa = PBXFileReference; lastKnownFileType = image.png; path = jellyfish.png; sourceTree = "<group>"; };
		EA86ADD52272B1EE00363CBF /* TextFieldCell.xib */ = {isa = PBXFileReference; lastKnownFileType = file.xib; path = TextFieldCell.xib; sourceTree = "<group>"; };
		EA86ADD72272BAD300363CBF /* OperationStatusCell.swift */ = {isa = PBXFileReference; lastKnownFileType = sourcecode.swift; path = OperationStatusCell.swift; sourceTree = "<group>"; };
		EA86ADD922730C7300363CBF /* ButtonCell.xib */ = {isa = PBXFileReference; lastKnownFileType = file.xib; path = ButtonCell.xib; sourceTree = "<group>"; };
		EA86ADDB22745A5800363CBF /* BaseCollectionViewController.swift */ = {isa = PBXFileReference; lastKnownFileType = sourcecode.swift; name = BaseCollectionViewController.swift; path = "Kraken/Common UI/BaseCollectionViewController.swift"; sourceTree = SOURCE_ROOT; };
		EA86ADDD2275BD3500363CBF /* LabelCell.xib */ = {isa = PBXFileReference; lastKnownFileType = file.xib; path = LabelCell.xib; sourceTree = "<group>"; };
		EA86ADDF2277A76D00363CBF /* TwitarrTweetCell.xib */ = {isa = PBXFileReference; lastKnownFileType = file.xib; path = TwitarrTweetCell.xib; sourceTree = "<group>"; };
		EA86ADE12279836D00363CBF /* ProfileAvatarLeftCell.xib */ = {isa = PBXFileReference; lastKnownFileType = file.xib; path = ProfileAvatarLeftCell.xib; sourceTree = "<group>"; };
		EA86ADE3227983B600363CBF /* ProfileAvatarTopCell.xib */ = {isa = PBXFileReference; lastKnownFileType = file.xib; path = ProfileAvatarTopCell.xib; sourceTree = "<group>"; };
		EA86ADE5227983E500363CBF /* SingleValueCell.xib */ = {isa = PBXFileReference; lastKnownFileType = file.xib; path = SingleValueCell.xib; sourceTree = "<group>"; };
		EA86ADE72279B49400363CBF /* DisclosureCell.xib */ = {isa = PBXFileReference; lastKnownFileType = file.xib; path = DisclosureCell.xib; sourceTree = "<group>"; };
		EA86ADE92279B4E400363CBF /* ProfileCommentCell.xib */ = {isa = PBXFileReference; lastKnownFileType = file.xib; path = ProfileCommentCell.xib; sourceTree = "<group>"; };
		EA86ADED227D188A00363CBF /* ServerTextFileParser.swift */ = {isa = PBXFileReference; fileEncoding = 4; lastKnownFileType = sourcecode.swift; path = ServerTextFileParser.swift; sourceTree = "<group>"; };
		EA86ADEF227D18AD00363CBF /* ServerTextFileViewController.swift */ = {isa = PBXFileReference; lastKnownFileType = sourcecode.swift; path = ServerTextFileViewController.swift; sourceTree = "<group>"; };
		EA86ADF1227F7EA600363CBF /* SeamailDataManager.swift */ = {isa = PBXFileReference; lastKnownFileType = sourcecode.swift; path = SeamailDataManager.swift; sourceTree = "<group>"; };
		EA86ADF322880AD300363CBF /* SeamailThreadCell.swift */ = {isa = PBXFileReference; lastKnownFileType = sourcecode.swift; path = SeamailThreadCell.swift; sourceTree = "<group>"; };
		EA86ADF422880AD300363CBF /* SeamailThreadCell.xib */ = {isa = PBXFileReference; lastKnownFileType = file.xib; path = SeamailThreadCell.xib; sourceTree = "<group>"; };
		EA8B986123225B7C00E10156 /* Social@3x.png */ = {isa = PBXFileReference; lastKnownFileType = image.png; path = "Social@3x.png"; sourceTree = "<group>"; };
		EA8B986323225E4F00E10156 /* SocialCell.xib */ = {isa = PBXFileReference; lastKnownFileType = file.xib; path = SocialCell.xib; sourceTree = "<group>"; };
		EA8B98672322673400E10156 /* Karaoke@3x.png */ = {isa = PBXFileReference; lastKnownFileType = image.png; path = "Karaoke@3x.png"; sourceTree = "<group>"; };
		EA8B987023234AEE00E10156 /* JoCoKaraokeSongCatalog.txt */ = {isa = PBXFileReference; fileEncoding = 4; lastKnownFileType = text; path = JoCoKaraokeSongCatalog.txt; sourceTree = "<group>"; };
		EA8B9872232393C500E10156 /* JoCoKaraokeSongCatalog.lzfse */ = {isa = PBXFileReference; lastKnownFileType = file; path = JoCoKaraokeSongCatalog.lzfse; sourceTree = "<group>"; };
		EA8B98742323A58100E10156 /* KaraokeSongCell.xib */ = {isa = PBXFileReference; lastKnownFileType = file.xib; path = KaraokeSongCell.xib; sourceTree = "<group>"; };
		EA8B98762323A73800E10156 /* ArtistIcon@3x.png */ = {isa = PBXFileReference; lastKnownFileType = image.png; path = "ArtistIcon@3x.png"; sourceTree = "<group>"; };
		EA8B98782323C13B00E10156 /* ChevronRightGrey@3x.png */ = {isa = PBXFileReference; lastKnownFileType = image.png; path = "ChevronRightGrey@3x.png"; sourceTree = "<group>"; };
		EA8B98792323C13B00E10156 /* ChevronDownGrey@3x.png */ = {isa = PBXFileReference; lastKnownFileType = image.png; path = "ChevronDownGrey@3x.png"; sourceTree = "<group>"; };
		EA8B987A2323C13B00E10156 /* ChevronRight@3x.png */ = {isa = PBXFileReference; lastKnownFileType = image.png; path = "ChevronRight@3x.png"; sourceTree = "<group>"; };
		EA8B987E232456BB00E10156 /* KaraokeArtistSectionHeaderView.xib */ = {isa = PBXFileReference; lastKnownFileType = file.xib; path = KaraokeArtistSectionHeaderView.xib; sourceTree = "<group>"; };
		EA8B98802324623600E10156 /* ChevronUpGrey@3x.png */ = {isa = PBXFileReference; lastKnownFileType = image.png; path = "ChevronUpGrey@3x.png"; sourceTree = "<group>"; };
		EA8B988223247BCA00E10156 /* SongIcon@3x.png */ = {isa = PBXFileReference; lastKnownFileType = image.png; path = "SongIcon@3x.png"; sourceTree = "<group>"; };
		EA8B98842324D56C00E10156 /* FavoriteHeart@3x.png */ = {isa = PBXFileReference; lastKnownFileType = image.png; path = "FavoriteHeart@3x.png"; sourceTree = "<group>"; };
		EA8B98852324D56D00E10156 /* FavoriteHeartGrey@3x.png */ = {isa = PBXFileReference; lastKnownFileType = image.png; path = "FavoriteHeartGrey@3x.png"; sourceTree = "<group>"; };
		EA8B9888232641DB00E10156 /* KaraokeRootViewController.swift */ = {isa = PBXFileReference; fileEncoding = 4; lastKnownFileType = sourcecode.swift; path = KaraokeRootViewController.swift; sourceTree = "<group>"; };
		EA90455E22DC032C00790F97 /* SmallUserCell.swift */ = {isa = PBXFileReference; lastKnownFileType = sourcecode.swift; path = SmallUserCell.swift; sourceTree = "<group>"; };
		EA90456022DC067D00790F97 /* RedDeleteIcon.png */ = {isa = PBXFileReference; lastKnownFileType = image.png; path = RedDeleteIcon.png; sourceTree = "<group>"; };
		EA90456222DC9EC700790F97 /* UnknownUser.png */ = {isa = PBXFileReference; lastKnownFileType = image.png; path = UnknownUser.png; sourceTree = "<group>"; };
		EA9E5BD82261C67E0073A863 /* UserProfileViewController.swift */ = {isa = PBXFileReference; lastKnownFileType = sourcecode.swift; path = UserProfileViewController.swift; sourceTree = "<group>"; };
		EA9E5BDA226548F20073A863 /* Core Data Model Notes.md */ = {isa = PBXFileReference; lastKnownFileType = net.daringfireball.markdown; path = "Core Data Model Notes.md"; sourceTree = "<group>"; };
		EA9E693522980CC500B4DC6D /* Kraken.entitlements */ = {isa = PBXFileReference; lastKnownFileType = text.plist.entitlements; path = Kraken.entitlements; sourceTree = "<group>"; };
		EAA02845232057D900B2B7F1 /* Notifications.swift */ = {isa = PBXFileReference; lastKnownFileType = sourcecode.swift; path = Notifications.swift; sourceTree = "<group>"; };
		EAA028472320A94300B2B7F1 /* RootTabBarViewController.swift */ = {isa = PBXFileReference; lastKnownFileType = sourcecode.swift; path = RootTabBarViewController.swift; sourceTree = "<group>"; };
		EAA028492321CF7100B2B7F1 /* Questions for Server Team.md */ = {isa = PBXFileReference; lastKnownFileType = net.daringfireball.markdown; path = "Questions for Server Team.md"; sourceTree = "<group>"; };
		EAA0284B2321ED7300B2B7F1 /* SocialViewController.swift */ = {isa = PBXFileReference; lastKnownFileType = sourcecode.swift; path = SocialViewController.swift; sourceTree = "<group>"; };
		EAA0E91122E942770077D5D0 /* SwiftUtils.swift */ = {isa = PBXFileReference; lastKnownFileType = sourcecode.swift; path = SwiftUtils.swift; sourceTree = "<group>"; };
		EAA2E4B92242D300009F287F /* Kraken.app */ = {isa = PBXFileReference; explicitFileType = wrapper.application; includeInIndex = 0; path = Kraken.app; sourceTree = BUILT_PRODUCTS_DIR; };
		EAA2E4BC2242D300009F287F /* AppDelegate.swift */ = {isa = PBXFileReference; lastKnownFileType = sourcecode.swift; path = AppDelegate.swift; sourceTree = "<group>"; };
		EAA2E4C02242D300009F287F /* ForumsRootViewController.swift */ = {isa = PBXFileReference; lastKnownFileType = sourcecode.swift; path = ForumsRootViewController.swift; sourceTree = "<group>"; };
		EAA2E4C32242D300009F287F /* Base */ = {isa = PBXFileReference; lastKnownFileType = file.storyboard; name = Base; path = Base.lproj/Main.storyboard; sourceTree = "<group>"; };
		EAA2E4C52242D301009F287F /* Assets.xcassets */ = {isa = PBXFileReference; lastKnownFileType = folder.assetcatalog; path = Assets.xcassets; sourceTree = "<group>"; };
		EAA2E4C82242D301009F287F /* Base */ = {isa = PBXFileReference; lastKnownFileType = file.storyboard; name = Base; path = Base.lproj/LaunchScreen.storyboard; sourceTree = "<group>"; };
		EAA2E4CA2242D301009F287F /* Info.plist */ = {isa = PBXFileReference; lastKnownFileType = text.plist.xml; path = Info.plist; sourceTree = "<group>"; };
		EAA2E4CF2242D301009F287F /* KrakenTests.xctest */ = {isa = PBXFileReference; explicitFileType = wrapper.cfbundle; includeInIndex = 0; path = KrakenTests.xctest; sourceTree = BUILT_PRODUCTS_DIR; };
		EAA2E4D32242D301009F287F /* KrakenTests.swift */ = {isa = PBXFileReference; lastKnownFileType = sourcecode.swift; path = KrakenTests.swift; sourceTree = "<group>"; };
		EAA2E4D52242D301009F287F /* Info.plist */ = {isa = PBXFileReference; lastKnownFileType = text.plist.xml; path = Info.plist; sourceTree = "<group>"; };
		EAA2E4DA2242D301009F287F /* KrakenUITests.xctest */ = {isa = PBXFileReference; explicitFileType = wrapper.cfbundle; includeInIndex = 0; path = KrakenUITests.xctest; sourceTree = BUILT_PRODUCTS_DIR; };
		EAA2E4DE2242D301009F287F /* KrakenUITests.swift */ = {isa = PBXFileReference; lastKnownFileType = sourcecode.swift; path = KrakenUITests.swift; sourceTree = "<group>"; };
		EAA2E4E02242D301009F287F /* Info.plist */ = {isa = PBXFileReference; lastKnownFileType = text.plist.xml; path = Info.plist; sourceTree = "<group>"; };
		EAA62C6C22C2B5FA0031A999 /* DisclosureCell.swift */ = {isa = PBXFileReference; lastKnownFileType = sourcecode.swift; name = DisclosureCell.swift; path = "Kraken/Common UI/DisclosureCell.swift"; sourceTree = SOURCE_ROOT; };
		EAA62C6E22C2F10A0031A999 /* SettingsTasksViewController.swift */ = {isa = PBXFileReference; lastKnownFileType = sourcecode.swift; path = SettingsTasksViewController.swift; sourceTree = "<group>"; };
		EAA62C7022C55CC00031A999 /* Logging.swift */ = {isa = PBXFileReference; lastKnownFileType = sourcecode.swift; path = Logging.swift; sourceTree = "<group>"; };
		EAA62C7222CC57060031A999 /* DraftImageCell.xib */ = {isa = PBXFileReference; lastKnownFileType = file.xib; path = DraftImageCell.xib; sourceTree = "<group>"; };
		EAB4536822D1F63900CD1671 /* LabelCell.swift */ = {isa = PBXFileReference; lastKnownFileType = sourcecode.swift; path = LabelCell.swift; sourceTree = "<group>"; };
		EAB4536A22D1F6DF00CD1671 /* TextCells.swift */ = {isa = PBXFileReference; lastKnownFileType = sourcecode.swift; path = TextCells.swift; sourceTree = "<group>"; };
		EAB4536C22D1F75600CD1671 /* ButtonCell.swift */ = {isa = PBXFileReference; lastKnownFileType = sourcecode.swift; path = ButtonCell.swift; sourceTree = "<group>"; };
		EAB4536E22D1F7F200CD1671 /* SwitchCell.xib */ = {isa = PBXFileReference; lastKnownFileType = file.xib; path = SwitchCell.xib; sourceTree = "<group>"; };
		EAB4537022D1F8BA00CD1671 /* SwitchCell.swift */ = {isa = PBXFileReference; lastKnownFileType = sourcecode.swift; path = SwitchCell.swift; sourceTree = "<group>"; };
		EAB4537222D3D0CE00CD1671 /* ComposeSeamailThreadVC.swift */ = {isa = PBXFileReference; lastKnownFileType = sourcecode.swift; path = ComposeSeamailThreadVC.swift; sourceTree = "<group>"; };
		EAB4537422D58FEA00CD1671 /* UserListCell.swift */ = {isa = PBXFileReference; lastKnownFileType = sourcecode.swift; path = UserListCell.swift; sourceTree = "<group>"; };
		EAB4537522D58FEA00CD1671 /* UserListCell.xib */ = {isa = PBXFileReference; lastKnownFileType = file.xib; path = UserListCell.xib; sourceTree = "<group>"; };
		EAB94E9F22A9AC6D0018FEC6 /* Reaction.swift */ = {isa = PBXFileReference; lastKnownFileType = sourcecode.swift; path = Reaction.swift; sourceTree = "<group>"; };
		EAC696E6228CDB7B00EE6EEB /* SeamailThreadViewController.swift */ = {isa = PBXFileReference; lastKnownFileType = sourcecode.swift; path = SeamailThreadViewController.swift; sourceTree = "<group>"; };
		EAC696E8228D653300EE6EEB /* SeamailMessageCell.swift */ = {isa = PBXFileReference; lastKnownFileType = sourcecode.swift; path = SeamailMessageCell.swift; sourceTree = "<group>"; };
		EAC696E9228D653300EE6EEB /* SeamailMessageCell.xib */ = {isa = PBXFileReference; lastKnownFileType = file.xib; path = SeamailMessageCell.xib; sourceTree = "<group>"; };
		EAC696EC2290159000EE6EEB /* StringUtilities.swift */ = {isa = PBXFileReference; lastKnownFileType = sourcecode.swift; path = StringUtilities.swift; sourceTree = "<group>"; };
		EAC71D49228A13F6002F7BB3 /* FRCDataSourceSegment.swift */ = {isa = PBXFileReference; lastKnownFileType = sourcecode.swift; path = FRCDataSourceSegment.swift; sourceTree = "<group>"; };
		EAC71D6C228ACC4F002F7BB3 /* SmallUserCell.xib */ = {isa = PBXFileReference; lastKnownFileType = file.xib; path = SmallUserCell.xib; sourceTree = "<group>"; };
		EADE3C1022EEEE3E00841DF4 /* RefreshTimers.swift */ = {isa = PBXFileReference; lastKnownFileType = sourcecode.swift; path = RefreshTimers.swift; sourceTree = "<group>"; };
		EAE4D10E22FA92A200887AC1 /* CoreMotion.swift */ = {isa = PBXFileReference; lastKnownFileType = sourcecode.swift; path = CoreMotion.swift; sourceTree = "<group>"; };
		EAE5914A229E4A34002B5DEF /* BlueButtonHighlight.png */ = {isa = PBXFileReference; lastKnownFileType = image.png; path = BlueButtonHighlight.png; sourceTree = "<group>"; };
		EAE5914C229E5A78002B5DEF /* PhotoSelectionCell.swift */ = {isa = PBXFileReference; lastKnownFileType = sourcecode.swift; path = PhotoSelectionCell.swift; sourceTree = "<group>"; };
		EAE5914D229E5A78002B5DEF /* PhotoSelectionCell.xib */ = {isa = PBXFileReference; lastKnownFileType = file.xib; path = PhotoSelectionCell.xib; sourceTree = "<group>"; };
		EAE59151229EA345002B5DEF /* Photos.framework */ = {isa = PBXFileReference; lastKnownFileType = wrapper.framework; name = Photos.framework; path = System/Library/Frameworks/Photos.framework; sourceTree = SDKROOT; };
		EAEC5A7522B7041800605F5F /* KrakenDataSource.swift */ = {isa = PBXFileReference; lastKnownFileType = sourcecode.swift; path = KrakenDataSource.swift; sourceTree = "<group>"; };
		EAEF340F224ED88300C7A0D9 /* LoginCells.swift */ = {isa = PBXFileReference; lastKnownFileType = sourcecode.swift; path = LoginCells.swift; sourceTree = "<group>"; };
		EAEF3413224EED9100C7A0D9 /* SeamailRootViewController.swift */ = {isa = PBXFileReference; lastKnownFileType = sourcecode.swift; path = SeamailRootViewController.swift; sourceTree = "<group>"; };
		EAEF3415224FF6C300C7A0D9 /* TwitarrTweetCell.swift */ = {isa = PBXFileReference; lastKnownFileType = sourcecode.swift; path = TwitarrTweetCell.swift; sourceTree = "<group>"; };
		EAF777F622A3B1D000B27803 /* ModalLoginViewController.swift */ = {isa = PBXFileReference; lastKnownFileType = sourcecode.swift; path = ModalLoginViewController.swift; sourceTree = "<group>"; };
/* End PBXFileReference section */

/* Begin PBXFrameworksBuildPhase section */
		EAA2E4B62242D300009F287F /* Frameworks */ = {
			isa = PBXFrameworksBuildPhase;
			buildActionMask = 2147483647;
			files = (
				EAE59152229EA345002B5DEF /* Photos.framework in Frameworks */,
			);
			runOnlyForDeploymentPostprocessing = 0;
		};
		EAA2E4CC2242D301009F287F /* Frameworks */ = {
			isa = PBXFrameworksBuildPhase;
			buildActionMask = 2147483647;
			files = (
			);
			runOnlyForDeploymentPostprocessing = 0;
		};
		EAA2E4D72242D301009F287F /* Frameworks */ = {
			isa = PBXFrameworksBuildPhase;
			buildActionMask = 2147483647;
			files = (
			);
			runOnlyForDeploymentPostprocessing = 0;
		};
/* End PBXFrameworksBuildPhase section */

/* Begin PBXGroup section */
		EA1E3B8A2242F00200017F07 /* Docs */ = {
			isa = PBXGroup;
			children = (
				EA1E3B8B2242F04600017F07 /* Twitarr API V2 Notes.md */,
				EA1E3B8C22430A7D00017F07 /* Managers Overview.md */,
				EA1E3BA02248153F00017F07 /* Feature plans.md */,
				EA9E5BDA226548F20073A863 /* Core Data Model Notes.md */,
				EA3ABF8A22F198D000441F99 /* Credits.md */,
				EAA028492321CF7100B2B7F1 /* Questions for Server Team.md */,
			);
			path = Docs;
			sourceTree = "<group>";
		};
		EA1E3B8D2245795100017F07 /* Twittarr */ = {
			isa = PBXGroup;
			children = (
				EA1E3B9022457A1800017F07 /* TwitarrViewController.swift */,
				EA3C630D2293913600077E3B /* ComposeTweetViewController.swift */,
				EA6DBB1022D172EC009D479D /* PendingTwitarrRepliesVC.swift */,
				EA1E3B9422457A4C00017F07 /* TwitarrDataManager.swift */,
				EAB94E9F22A9AC6D0018FEC6 /* Reaction.swift */,
				EAEF3415224FF6C300C7A0D9 /* TwitarrTweetCell.swift */,
				EA86ADDF2277A76D00363CBF /* TwitarrTweetCell.xib */,
				EAA62C7222CC57060031A999 /* DraftImageCell.xib */,
			);
			path = Twittarr;
			sourceTree = "<group>";
		};
		EA1E3B8E2245796F00017F07 /* Forums */ = {
			isa = PBXGroup;
			children = (
				EAA2E4C02242D300009F287F /* ForumsRootViewController.swift */,
			);
			path = Forums;
			sourceTree = "<group>";
		};
		EA1E3B8F2245798400017F07 /* Seamail */ = {
			isa = PBXGroup;
			children = (
				EAEF3413224EED9100C7A0D9 /* SeamailRootViewController.swift */,
				EAC696E6228CDB7B00EE6EEB /* SeamailThreadViewController.swift */,
				EAB4537222D3D0CE00CD1671 /* ComposeSeamailThreadVC.swift */,
				EA86ADF1227F7EA600363CBF /* SeamailDataManager.swift */,
				EA86ADF322880AD300363CBF /* SeamailThreadCell.swift */,
				EA86ADF422880AD300363CBF /* SeamailThreadCell.xib */,
				EAC696E8228D653300EE6EEB /* SeamailMessageCell.swift */,
				EA3C630B2290D3E300077E3B /* SeamailSelfMessageCell.xib */,
				EAC696E9228D653300EE6EEB /* SeamailMessageCell.xib */,
				EAB4537422D58FEA00CD1671 /* UserListCell.swift */,
				EAB4537522D58FEA00CD1671 /* UserListCell.xib */,
				EA90455E22DC032C00790F97 /* SmallUserCell.swift */,
				EAC71D6C228ACC4F002F7BB3 /* SmallUserCell.xib */,
			);
			path = Seamail;
			sourceTree = "<group>";
		};
		EA1E3B962245849B00017F07 /* Users */ = {
			isa = PBXGroup;
			children = (
				EA9E5BD82261C67E0073A863 /* UserProfileViewController.swift */,
				EA1E3B97224584BC00017F07 /* UserManager.swift */,
				EA1E3B992245CF3000017F07 /* CurrentUser.swift */,
				EAEF340F224ED88300C7A0D9 /* LoginCells.swift */,
				EA86ADE12279836D00363CBF /* ProfileAvatarLeftCell.xib */,
				EA86ADE3227983B600363CBF /* ProfileAvatarTopCell.xib */,
				EA86ADE92279B4E400363CBF /* ProfileCommentCell.xib */,
				EA86ADD02272813800363CBF /* LoginHeaderCell.xib */,
			);
			path = Users;
			sourceTree = "<group>";
		};
		EA1E3B9B22461CA500017F07 /* Core */ = {
			isa = PBXGroup;
			children = (
				EA5E2A5D2259801F00CB4A11 /* LocalCoreData.swift */,
				EAE4D10E22FA92A200887AC1 /* CoreMotion.swift */,
				EA1E3B9C22461D0300017F07 /* NetworkGovernor.swift */,
				EA444A532298A9B70098DE97 /* PostOperation.swift */,
				EA1E3B9E2246CDF700017F07 /* Settings.swift */,
				EADE3C1022EEEE3E00841DF4 /* RefreshTimers.swift */,
				EA4E84EF232A2D330059E5EB /* ValidSectionUpdater.swift */,
				EA4E84ED232A2CE70059E5EB /* ServerTimeUpdater.swift */,
				EAA02845232057D900B2B7F1 /* Notifications.swift */,
				EAC696EC2290159000EE6EEB /* StringUtilities.swift */,
				EAA62C7022C55CC00031A999 /* Logging.swift */,
				EAA0E91122E942770077D5D0 /* SwiftUtils.swift */,
			);
			path = Core;
			sourceTree = "<group>";
		};
		EA1E3BA1224D79C400017F07 /* Server Resources */ = {
			isa = PBXGroup;
			children = (
				EA1E3BA2224D858700017F07 /* ImageManager.swift */,
				EA86ADEF227D18AD00363CBF /* ServerTextFileViewController.swift */,
				EA86ADED227D188A00363CBF /* ServerTextFileParser.swift */,
			);
			path = "Server Resources";
			sourceTree = "<group>";
		};
		EA3ABFA522F3CB0500441F99 /* Tab Bar */ = {
			isa = PBXGroup;
			children = (
				EA4E84F9232CEBFB0059E5EB /* Disabled@3x.png */,
				EA3ABF9B22F3C49F00441F99 /* Schedule@3x.png */,
				EA3ABF9D22F3C64000441F99 /* Seamail@3x.png */,
				EA3ABF9922F3C32900441F99 /* Twitarr@3x.png */,
				EA3ABF9F22F3C6EF00441F99 /* Settings@3x.png */,
				EA3ABFA122F3C8DA00441F99 /* Forums@3x.png */,
				EA8B986123225B7C00E10156 /* Social@3x.png */,
				EA8B98672322673400E10156 /* Karaoke@3x.png */,
			);
			path = "Tab Bar";
			sourceTree = "<group>";
		};
		EA3ABFA622F403DA00441F99 /* Camera */ = {
			isa = PBXGroup;
			children = (
				EA3ABFA922F4041100441F99 /* CameraIcon3@3x.png */,
				EA3ABFAB22F404E100441F99 /* CameraIcon3Highlight@3x.png */,
				EA3ABFAE22F4097900441F99 /* CameraRotate@3x.png */,
				EA3ABFAD22F4097800441F99 /* CameraRotateHighlight@3x.png */,
				EA3ABFA322F3CB0000441F99 /* CameraClose@3x.png */,
				EA3ABFB122F414BA00441F99 /* CameraCloseHighlight@3x.png */,
				EA3ABFB322F423F600441F99 /* CameraShutter@3x.png */,
				EA3ABFB822F4FA7D00441F99 /* Flash@3x.png */,
				EA3ABFB722F4FA7D00441F99 /* FlashHighlight@3x.png */,
				EA3ABFB522F434DE00441F99 /* PirateSelfie@3x.png */,
				EA3ABFBB22F4FC9C00441F99 /* NoFlash@3x.png */,
				EA3ABFBC22F4FC9C00441F99 /* NoFlashHighlight@3x.png */,
			);
			path = Camera;
			sourceTree = "<group>";
		};
		EA3C631322975CD100077E3B /* Settings */ = {
			isa = PBXGroup;
			children = (
				EA3C631422975D8400077E3B /* SettingsRootViewController.swift */,
				EAA62C6E22C2F10A0031A999 /* SettingsTasksViewController.swift */,
				EAF777F622A3B1D000B27803 /* ModalLoginViewController.swift */,
				EA3C63162297EFD400077E3B /* SettingsInfoCell.xib */,
			);
			path = Settings;
			sourceTree = "<group>";
		};
		EA444A552298B5410098DE97 /* Common UI */ = {
			isa = PBXGroup;
			children = (
				EA86ADDB22745A5800363CBF /* BaseCollectionViewController.swift */,
				EA534E2822FD1B9200FE4787 /* KrakenNavController.swift */,
				EA3ABF9522F2EA2700441F99 /* CameraViewController.swift */,
				EA1B9E0A2266A1E50082A908 /* BaseCollectionViewCell.swift */,
				EAA62C6C22C2B5FA0031A999 /* DisclosureCell.swift */,
				EA86ADE72279B49400363CBF /* DisclosureCell.xib */,
				EA444A56229BEC640098DE97 /* EmojiSelectionCell.swift */,
				EA444A57229BEC640098DE97 /* EmojiSelectionCell.xib */,
				EAE5914C229E5A78002B5DEF /* PhotoSelectionCell.swift */,
				EAE5914D229E5A78002B5DEF /* PhotoSelectionCell.xib */,
				EAB4536822D1F63900CD1671 /* LabelCell.swift */,
				EA86ADDD2275BD3500363CBF /* LabelCell.xib */,
				EA86ADE5227983E500363CBF /* SingleValueCell.xib */,
				EAB4536A22D1F6DF00CD1671 /* TextCells.swift */,
				EA86ADD52272B1EE00363CBF /* TextFieldCell.xib */,
				EA3C63112296BE7800077E3B /* TextViewCell.xib */,
				EAB4536C22D1F75600CD1671 /* ButtonCell.swift */,
				EA86ADD922730C7300363CBF /* ButtonCell.xib */,
				EA86ADD72272BAD300363CBF /* OperationStatusCell.swift */,
				EA278A49226A755400808AED /* OperationStatusCell.xib */,
				EAB4537022D1F8BA00CD1671 /* SwitchCell.swift */,
				EAB4536E22D1F7F200CD1671 /* SwitchCell.xib */,
				EA6A8A81231E212A0071BFEA /* Alerts.swift */,
			);
			path = "Common UI";
			sourceTree = "<group>";
		};
		EA4A1D0422540801008501A3 /* EBNObservable */ = {
			isa = PBXGroup;
			children = (
				EA4A1D1F225408DC008501A3 /* EBNDebugUtilities.h */,
				EA4A1D0522540801008501A3 /* NSArray+EBNObservable.h */,
				EA4A1D0622540801008501A3 /* EBNLazyLoader.h */,
				EA4A1D0722540801008501A3 /* NSSet+EBNObservable.m */,
				EA4A1D0822540801008501A3 /* EBNLazyLoader.mm */,
				EA4A1D0922540801008501A3 /* EBNObservableInternal.h */,
				EA4A1D0A22540801008501A3 /* EBNProtocolBinder.mm */,
				EA4A1D0B22540801008501A3 /* EBNObservation.h */,
				EA4A1D0C22540801008501A3 /* EBNProtocolBinder.h */,
				EA4A1D0D22540801008501A3 /* NSDictionary+EBNObservable.h */,
				EA4A1D0E22540801008501A3 /* EBNKeypathEntryInfo.mm */,
				EA4A1D0F22540801008501A3 /* NSSet+EBNObservable.h */,
				EA4A1D1022540801008501A3 /* NSArray+EBNObservable.m */,
				EA4A1D1122540801008501A3 /* EBNObservable.h */,
				EA4A1D1222540801008501A3 /* Observable.swift */,
				EA4A1D1322540801008501A3 /* NSDictionary+EBNObservable.m */,
				EA4A1D1422540801008501A3 /* EBNObservation.m */,
				EA4A1D1522540801008501A3 /* EBNObservable.mm */,
			);
			path = EBNObservable;
			sourceTree = "<group>";
		};
		EA534E2A2301FFA700FE4787 /* Schedule */ = {
			isa = PBXGroup;
			children = (
				EA534E2B2301FFE500FE4787 /* ScheduleRootViewController.swift */,
				EA534E2D2302164000FE4787 /* EventsDataManager.swift */,
				EA534E2F230299AE00FE4787 /* EventCell.swift */,
				EA534E30230299AE00FE4787 /* EventCell.xib */,
				EA6A8A7723190A080071BFEA /* EventSectionHeaderView.swift */,
				EA6A8A75231908F80071BFEA /* EventSectionHeaderView.xib */,
			);
			path = Schedule;
			sourceTree = "<group>";
		};
		EA6A8A79231B4F150071BFEA /* Third Party */ = {
			isa = PBXGroup;
			children = (
			);
			name = "Third Party";
			path = "Kraken/Third Party";
			sourceTree = "<group>";
		};
		EA86ADD22272855000363CBF /* Resources */ = {
			isa = PBXGroup;
			children = (
				EA3ABFA622F403DA00441F99 /* Camera */,
				EA3ABFA522F3CB0500441F99 /* Tab Bar */,
				EA8B98762323A73800E10156 /* ArtistIcon@3x.png */,
				EA8B988223247BCA00E10156 /* SongIcon@3x.png */,
				EA8B98842324D56C00E10156 /* FavoriteHeart@3x.png */,
				EA8B98852324D56D00E10156 /* FavoriteHeartGrey@3x.png */,
				EAE5914A229E4A34002B5DEF /* BlueButtonHighlight.png */,
				EA86ADD32272855000363CBF /* jellyfish.png */,
				EA90456022DC067D00790F97 /* RedDeleteIcon.png */,
				EA90456222DC9EC700790F97 /* UnknownUser.png */,
				EA8B98792323C13B00E10156 /* ChevronDownGrey@3x.png */,
				EA8B98802324623600E10156 /* ChevronUpGrey@3x.png */,
				EA8B987A2323C13B00E10156 /* ChevronRight@3x.png */,
				EA8B98782323C13B00E10156 /* ChevronRightGrey@3x.png */,
				EA8B987023234AEE00E10156 /* JoCoKaraokeSongCatalog.txt */,
				EA8B9872232393C500E10156 /* JoCoKaraokeSongCatalog.lzfse */,
			);
			path = Resources;
			sourceTree = SOURCE_ROOT;
		};
		EA8B986D232321C500E10156 /* Karaoke */ = {
			isa = PBXGroup;
			children = (
				EA8B9888232641DB00E10156 /* KaraokeRootViewController.swift */,
				EA8B987E232456BB00E10156 /* KaraokeArtistSectionHeaderView.xib */,
				EA8B98742323A58100E10156 /* KaraokeSongCell.xib */,
				EA4E84EB2328734F0059E5EB /* KaraokeLoadingCell.xib */,
			);
			path = Karaoke;
			sourceTree = "<group>";
		};
		EAA0284A2321ED4A00B2B7F1 /* Social */ = {
			isa = PBXGroup;
			children = (
				EAA0284B2321ED7300B2B7F1 /* SocialViewController.swift */,
				EA8B986323225E4F00E10156 /* SocialCell.xib */,
			);
			path = Social;
			sourceTree = "<group>";
		};
		EAA2E4B02242D300009F287F = {
			isa = PBXGroup;
			children = (
				EAA2E4BB2242D300009F287F /* Kraken */,
				EA6A8A79231B4F150071BFEA /* Third Party */,
				EA86ADD22272855000363CBF /* Resources */,
				EA1E3B8A2242F00200017F07 /* Docs */,
				EAA2E4D22242D301009F287F /* KrakenTests */,
				EAA2E4DD2242D301009F287F /* KrakenUITests */,
				EAA2E4BA2242D300009F287F /* Products */,
				EAE59150229EA345002B5DEF /* Frameworks */,
			);
			sourceTree = "<group>";
		};
		EAA2E4BA2242D300009F287F /* Products */ = {
			isa = PBXGroup;
			children = (
				EAA2E4B92242D300009F287F /* Kraken.app */,
				EAA2E4CF2242D301009F287F /* KrakenTests.xctest */,
				EAA2E4DA2242D301009F287F /* KrakenUITests.xctest */,
			);
			name = Products;
			sourceTree = "<group>";
		};
		EAA2E4BB2242D300009F287F /* Kraken */ = {
			isa = PBXGroup;
			children = (
				EA9E693522980CC500B4DC6D /* Kraken.entitlements */,
				EA333C3F22540D1300247B3E /* Kraken-Bridging-Header.h */,
				EAA2E4BC2242D300009F287F /* AppDelegate.swift */,
				EAA2E4C22242D300009F287F /* Main.storyboard */,
				EAA028472320A94300B2B7F1 /* RootTabBarViewController.swift */,
				EA4E84F1232C74D00059E5EB /* DisabledContentViewController.swift */,
				EA4E84F3232C74FE0059E5EB /* DisabledContentViewController.xib */,
				EA333C8D225818A600247B3E /* TwitarrModel.xcdatamodeld */,
				EAA2E4C52242D301009F287F /* Assets.xcassets */,
				EAA2E4C72242D301009F287F /* LaunchScreen.storyboard */,
				EAA2E4CA2242D301009F287F /* Info.plist */,
				EAA0284A2321ED4A00B2B7F1 /* Social */,
				EA1E3B8D2245795100017F07 /* Twittarr */,
				EA1E3B8E2245796F00017F07 /* Forums */,
				EA1E3B8F2245798400017F07 /* Seamail */,
				EA534E2A2301FFA700FE4787 /* Schedule */,
				EA8B986D232321C500E10156 /* Karaoke */,
				EA3C631322975CD100077E3B /* Settings */,
				EA1E3B962245849B00017F07 /* Users */,
				EA1E3BA1224D79C400017F07 /* Server Resources */,
				EAC71D48228A13BC002F7BB3 /* Data Sources */,
				EA4A1D0422540801008501A3 /* EBNObservable */,
				EA444A552298B5410098DE97 /* Common UI */,
				EA1E3B9B22461CA500017F07 /* Core */,
			);
			path = Kraken;
			sourceTree = "<group>";
		};
		EAA2E4D22242D301009F287F /* KrakenTests */ = {
			isa = PBXGroup;
			children = (
				EAA2E4D32242D301009F287F /* KrakenTests.swift */,
				EAA2E4D52242D301009F287F /* Info.plist */,
			);
			path = KrakenTests;
			sourceTree = "<group>";
		};
		EAA2E4DD2242D301009F287F /* KrakenUITests */ = {
			isa = PBXGroup;
			children = (
				EAA2E4DE2242D301009F287F /* KrakenUITests.swift */,
				EAA2E4E02242D301009F287F /* Info.plist */,
			);
			path = KrakenUITests;
			sourceTree = "<group>";
		};
		EAC71D48228A13BC002F7BB3 /* Data Sources */ = {
			isa = PBXGroup;
			children = (
				EAEC5A7522B7041800605F5F /* KrakenDataSource.swift */,
				EAC71D49228A13F6002F7BB3 /* FRCDataSourceSegment.swift */,
				EA278A98226A86BE00808AED /* FilteringDataSourceSegment.swift */,
				EA3ABF8D22F19A5C00441F99 /* PhotoDataSourceSegment.swift */,
				EA3C630F2296275F00077E3B /* CollectionFlowLayout.swift */,
			);
			path = "Data Sources";
			sourceTree = "<group>";
		};
		EAE59150229EA345002B5DEF /* Frameworks */ = {
			isa = PBXGroup;
			children = (
				EAE59151229EA345002B5DEF /* Photos.framework */,
			);
			name = Frameworks;
			sourceTree = "<group>";
		};
/* End PBXGroup section */

/* Begin PBXNativeTarget section */
		EAA2E4B82242D300009F287F /* Kraken */ = {
			isa = PBXNativeTarget;
			buildConfigurationList = EAA2E4E32242D301009F287F /* Build configuration list for PBXNativeTarget "Kraken" */;
			buildPhases = (
				EAA2E4B52242D300009F287F /* Sources */,
				EAA2E4B62242D300009F287F /* Frameworks */,
				EAA2E4B72242D300009F287F /* Resources */,
			);
			buildRules = (
			);
			dependencies = (
			);
			name = Kraken;
			productName = Kraken;
			productReference = EAA2E4B92242D300009F287F /* Kraken.app */;
			productType = "com.apple.product-type.application";
		};
		EAA2E4CE2242D301009F287F /* KrakenTests */ = {
			isa = PBXNativeTarget;
			buildConfigurationList = EAA2E4E62242D301009F287F /* Build configuration list for PBXNativeTarget "KrakenTests" */;
			buildPhases = (
				EAA2E4CB2242D301009F287F /* Sources */,
				EAA2E4CC2242D301009F287F /* Frameworks */,
				EAA2E4CD2242D301009F287F /* Resources */,
			);
			buildRules = (
			);
			dependencies = (
				EAA2E4D12242D301009F287F /* PBXTargetDependency */,
			);
			name = KrakenTests;
			productName = KrakenTests;
			productReference = EAA2E4CF2242D301009F287F /* KrakenTests.xctest */;
			productType = "com.apple.product-type.bundle.unit-test";
		};
		EAA2E4D92242D301009F287F /* KrakenUITests */ = {
			isa = PBXNativeTarget;
			buildConfigurationList = EAA2E4E92242D301009F287F /* Build configuration list for PBXNativeTarget "KrakenUITests" */;
			buildPhases = (
				EAA2E4D62242D301009F287F /* Sources */,
				EAA2E4D72242D301009F287F /* Frameworks */,
				EAA2E4D82242D301009F287F /* Resources */,
			);
			buildRules = (
			);
			dependencies = (
				EAA2E4DC2242D301009F287F /* PBXTargetDependency */,
			);
			name = KrakenUITests;
			productName = KrakenUITests;
			productReference = EAA2E4DA2242D301009F287F /* KrakenUITests.xctest */;
			productType = "com.apple.product-type.bundle.ui-testing";
		};
/* End PBXNativeTarget section */

/* Begin PBXProject section */
		EAA2E4B12242D300009F287F /* Project object */ = {
			isa = PBXProject;
			attributes = {
				LastSwiftUpdateCheck = 1010;
				LastUpgradeCheck = 1010;
				ORGANIZATIONNAME = "Chall Fry";
				TargetAttributes = {
					EAA2E4B82242D300009F287F = {
						CreatedOnToolsVersion = 10.1;
						LastSwiftMigration = 1020;
						SystemCapabilities = {
							com.apple.AccessWiFi = {
								enabled = 1;
							};
						};
					};
					EAA2E4CE2242D301009F287F = {
						CreatedOnToolsVersion = 10.1;
						LastSwiftMigration = 1020;
						TestTargetID = EAA2E4B82242D300009F287F;
					};
					EAA2E4D92242D301009F287F = {
						CreatedOnToolsVersion = 10.1;
						LastSwiftMigration = 1020;
						TestTargetID = EAA2E4B82242D300009F287F;
					};
				};
			};
			buildConfigurationList = EAA2E4B42242D300009F287F /* Build configuration list for PBXProject "Kraken" */;
			compatibilityVersion = "Xcode 9.3";
			developmentRegion = en;
			hasScannedForEncodings = 0;
			knownRegions = (
				en,
				Base,
			);
			mainGroup = EAA2E4B02242D300009F287F;
			productRefGroup = EAA2E4BA2242D300009F287F /* Products */;
			projectDirPath = "";
			projectRoot = "";
			targets = (
				EAA2E4B82242D300009F287F /* Kraken */,
				EAA2E4CE2242D301009F287F /* KrakenTests */,
				EAA2E4D92242D301009F287F /* KrakenUITests */,
			);
		};
/* End PBXProject section */

/* Begin PBXResourcesBuildPhase section */
		EAA2E4B72242D300009F287F /* Resources */ = {
			isa = PBXResourcesBuildPhase;
			buildActionMask = 2147483647;
			files = (
				EA3ABFAF22F4097900441F99 /* CameraRotateHighlight@3x.png in Resources */,
				EAA2E4C92242D301009F287F /* LaunchScreen.storyboard in Resources */,
				EA3C63122296BE7800077E3B /* TextViewCell.xib in Resources */,
				EAE5914B229E4A34002B5DEF /* BlueButtonHighlight.png in Resources */,
				EA6A8A76231908F80071BFEA /* EventSectionHeaderView.xib in Resources */,
				EA86ADE02277A76D00363CBF /* TwitarrTweetCell.xib in Resources */,
				EA8B98772323A73800E10156 /* ArtistIcon@3x.png in Resources */,
				EA3ABF9E22F3C64000441F99 /* Seamail@3x.png in Resources */,
				EA3ABFB022F4097900441F99 /* CameraRotate@3x.png in Resources */,
				EA3C630C2290D3E300077E3B /* SeamailSelfMessageCell.xib in Resources */,
				EA8B986223225B7C00E10156 /* Social@3x.png in Resources */,
				EA8B98812324623600E10156 /* ChevronUpGrey@3x.png in Resources */,
				EA4E84F4232C74FE0059E5EB /* DisabledContentViewController.xib in Resources */,
				EAA2E4C62242D301009F287F /* Assets.xcassets in Resources */,
				EA8B988323247BCA00E10156 /* SongIcon@3x.png in Resources */,
				EA3ABFB622F434DF00441F99 /* PirateSelfie@3x.png in Resources */,
				EA4E84EC2328734F0059E5EB /* KaraokeLoadingCell.xib in Resources */,
				EA8B986423225E4F00E10156 /* SocialCell.xib in Resources */,
				EAC696EB228D653300EE6EEB /* SeamailMessageCell.xib in Resources */,
				EA8B98872324D56D00E10156 /* FavoriteHeartGrey@3x.png in Resources */,
				EA90456122DC067D00790F97 /* RedDeleteIcon.png in Resources */,
				EA8B987C2323C13B00E10156 /* ChevronDownGrey@3x.png in Resources */,
				EA8B987F232456BB00E10156 /* KaraokeArtistSectionHeaderView.xib in Resources */,
				EA86ADD42272855000363CBF /* jellyfish.png in Resources */,
				EAA2E4C42242D300009F287F /* Main.storyboard in Resources */,
				EA8B98752323A58100E10156 /* KaraokeSongCell.xib in Resources */,
				EA8B9873232393C500E10156 /* JoCoKaraokeSongCatalog.lzfse in Resources */,
				EAC71D6D228ACC4F002F7BB3 /* SmallUserCell.xib in Resources */,
				EA3ABFAC22F404E100441F99 /* CameraIcon3Highlight@3x.png in Resources */,
				EAB4536F22D1F7F200CD1671 /* SwitchCell.xib in Resources */,
				EA534E32230299AE00FE4787 /* EventCell.xib in Resources */,
				EA3ABFB422F423F600441F99 /* CameraShutter@3x.png in Resources */,
				EA86ADE82279B49400363CBF /* DisclosureCell.xib in Resources */,
				EA3ABFBA22F4FA7E00441F99 /* Flash@3x.png in Resources */,
				EA4E84FA232CEBFB0059E5EB /* Disabled@3x.png in Resources */,
				EA86ADD12272813800363CBF /* LoginHeaderCell.xib in Resources */,
				EA278A4A226A755400808AED /* OperationStatusCell.xib in Resources */,
				EA86ADD62272B1EE00363CBF /* TextFieldCell.xib in Resources */,
				EA86ADE22279836D00363CBF /* ProfileAvatarLeftCell.xib in Resources */,
				EA8B987D2323C13B00E10156 /* ChevronRight@3x.png in Resources */,
				EA3ABFBE22F4FC9C00441F99 /* NoFlashHighlight@3x.png in Resources */,
				EAE5914F229E5A78002B5DEF /* PhotoSelectionCell.xib in Resources */,
				EA86ADF622880AD300363CBF /* SeamailThreadCell.xib in Resources */,
				EA86ADEA2279B4E400363CBF /* ProfileCommentCell.xib in Resources */,
				EA86ADDE2275BD3500363CBF /* LabelCell.xib in Resources */,
				EA90456322DC9EC800790F97 /* UnknownUser.png in Resources */,
				EA8B98682322673400E10156 /* Karaoke@3x.png in Resources */,
				EA86ADDA22730C7300363CBF /* ButtonCell.xib in Resources */,
				EA3ABFAA22F4041200441F99 /* CameraIcon3@3x.png in Resources */,
				EAA62C7322CC57060031A999 /* DraftImageCell.xib in Resources */,
				EA3C63172297EFD400077E3B /* SettingsInfoCell.xib in Resources */,
				EA3ABFA422F3CB0000441F99 /* CameraClose@3x.png in Resources */,
				EA3ABF9C22F3C49F00441F99 /* Schedule@3x.png in Resources */,
				EA3ABFB222F414BA00441F99 /* CameraCloseHighlight@3x.png in Resources */,
				EA3ABFBD22F4FC9C00441F99 /* NoFlash@3x.png in Resources */,
				EA444A59229BEC640098DE97 /* EmojiSelectionCell.xib in Resources */,
				EA86ADE6227983E500363CBF /* SingleValueCell.xib in Resources */,
				EA86ADE4227983B600363CBF /* ProfileAvatarTopCell.xib in Resources */,
				EA3ABFB922F4FA7E00441F99 /* FlashHighlight@3x.png in Resources */,
				EA3ABFA222F3C8DA00441F99 /* Forums@3x.png in Resources */,
				EA8B98862324D56D00E10156 /* FavoriteHeart@3x.png in Resources */,
				EAB4537722D58FEA00CD1671 /* UserListCell.xib in Resources */,
				EA3ABFA022F3C6F000441F99 /* Settings@3x.png in Resources */,
				EA8B987B2323C13B00E10156 /* ChevronRightGrey@3x.png in Resources */,
				EA3ABF9A22F3C32A00441F99 /* Twitarr@3x.png in Resources */,
			);
			runOnlyForDeploymentPostprocessing = 0;
		};
		EAA2E4CD2242D301009F287F /* Resources */ = {
			isa = PBXResourcesBuildPhase;
			buildActionMask = 2147483647;
			files = (
			);
			runOnlyForDeploymentPostprocessing = 0;
		};
		EAA2E4D82242D301009F287F /* Resources */ = {
			isa = PBXResourcesBuildPhase;
			buildActionMask = 2147483647;
			files = (
			);
			runOnlyForDeploymentPostprocessing = 0;
		};
/* End PBXResourcesBuildPhase section */

/* Begin PBXSourcesBuildPhase section */
		EAA2E4B52242D300009F287F /* Sources */ = {
			isa = PBXSourcesBuildPhase;
			buildActionMask = 2147483647;
			files = (
				EAB4536D22D1F75600CD1671 /* ButtonCell.swift in Sources */,
				EA6A8A82231E212A0071BFEA /* Alerts.swift in Sources */,
				EA4A1D1B22540801008501A3 /* Observable.swift in Sources */,
				EAB94EA022A9AC6D0018FEC6 /* Reaction.swift in Sources */,
				EAEC5A7622B7041800605F5F /* KrakenDataSource.swift in Sources */,
				EAB4537622D58FEA00CD1671 /* UserListCell.swift in Sources */,
				EA444A58229BEC640098DE97 /* EmojiSelectionCell.swift in Sources */,
				EAA028482320A94300B2B7F1 /* RootTabBarViewController.swift in Sources */,
				EA4A1D1722540801008501A3 /* EBNLazyLoader.mm in Sources */,
				EA6A8A7823190A080071BFEA /* EventSectionHeaderView.swift in Sources */,
				EA4A1D1622540801008501A3 /* NSSet+EBNObservable.m in Sources */,
				EAA62C6F22C2F10A0031A999 /* SettingsTasksViewController.swift in Sources */,
				EA4A1D1C22540801008501A3 /* NSDictionary+EBNObservable.m in Sources */,
				EA4E84EE232A2CE70059E5EB /* ServerTimeUpdater.swift in Sources */,
				EAE5914E229E5A78002B5DEF /* PhotoSelectionCell.swift in Sources */,
				EA444A542298A9B70098DE97 /* PostOperation.swift in Sources */,
				EAB4537122D1F8BA00CD1671 /* SwitchCell.swift in Sources */,
				EAA0E91222E942770077D5D0 /* SwiftUtils.swift in Sources */,
				EA86ADF2227F7EA600363CBF /* SeamailDataManager.swift in Sources */,
				EAC696EA228D653300EE6EEB /* SeamailMessageCell.swift in Sources */,
				EA86ADD82272BAD300363CBF /* OperationStatusCell.swift in Sources */,
				EA534E2E2302164000FE4787 /* EventsDataManager.swift in Sources */,
				EA1E3B98224584BC00017F07 /* UserManager.swift in Sources */,
				EA1E3B9522457A4C00017F07 /* TwitarrDataManager.swift in Sources */,
				EAA62C6D22C2B5FA0031A999 /* DisclosureCell.swift in Sources */,
				EA86ADDC22745A5800363CBF /* BaseCollectionViewController.swift in Sources */,
				EA86ADEE227D188A00363CBF /* ServerTextFileParser.swift in Sources */,
				EA534E2C2301FFE500FE4787 /* ScheduleRootViewController.swift in Sources */,
				EAEF3410224ED88300C7A0D9 /* LoginCells.swift in Sources */,
				EA3C63102296275F00077E3B /* CollectionFlowLayout.swift in Sources */,
				EAA2E4C12242D300009F287F /* ForumsRootViewController.swift in Sources */,
				EAA2E4BD2242D300009F287F /* AppDelegate.swift in Sources */,
				EA534E31230299AE00FE4787 /* EventCell.swift in Sources */,
				EA4A1D1822540801008501A3 /* EBNProtocolBinder.mm in Sources */,
				EA4A1D1D22540801008501A3 /* EBNObservation.m in Sources */,
				EAE4D10F22FA92A200887AC1 /* CoreMotion.swift in Sources */,
				EAA62C7122C55CC00031A999 /* Logging.swift in Sources */,
				EA6DBB1122D172EC009D479D /* PendingTwitarrRepliesVC.swift in Sources */,
				EADE3C1122EEEE3E00841DF4 /* RefreshTimers.swift in Sources */,
				EA1E3B9D22461D0300017F07 /* NetworkGovernor.swift in Sources */,
				EA90455F22DC032C00790F97 /* SmallUserCell.swift in Sources */,
				EA5E2A5C22595AAD00CB4A11 /* TwitarrModel.xcdatamodeld in Sources */,
				EAC696ED2290159000EE6EEB /* StringUtilities.swift in Sources */,
				EA3ABF8E22F19A5C00441F99 /* PhotoDataSourceSegment.swift in Sources */,
				EA278A99226A86BE00808AED /* FilteringDataSourceSegment.swift in Sources */,
				EA1E3B9222457A1800017F07 /* TwitarrViewController.swift in Sources */,
				EA1E3BA3224D858700017F07 /* ImageManager.swift in Sources */,
				EA86ADCF226AC55B00363CBF /* UserProfileViewController.swift in Sources */,
				EA534E2922FD1B9200FE4787 /* KrakenNavController.swift in Sources */,
				EA4E84F0232A2D330059E5EB /* ValidSectionUpdater.swift in Sources */,
				EA1B9E0B2266A1E50082A908 /* BaseCollectionViewCell.swift in Sources */,
				EAA02846232057D900B2B7F1 /* Notifications.swift in Sources */,
				EA4A1D1E22540801008501A3 /* EBNObservable.mm in Sources */,
				EA86ADF0227D18AD00363CBF /* ServerTextFileViewController.swift in Sources */,
				EA3C630E2293913600077E3B /* ComposeTweetViewController.swift in Sources */,
				EA1E3B9F2246CDF700017F07 /* Settings.swift in Sources */,
				EA4A1D1922540801008501A3 /* EBNKeypathEntryInfo.mm in Sources */,
				EAA0284C2321ED7300B2B7F1 /* SocialViewController.swift in Sources */,
				EA1E3B9A2245CF3000017F07 /* CurrentUser.swift in Sources */,
				EA3ABF9622F2EA2700441F99 /* CameraViewController.swift in Sources */,
				EAC71D4A228A13F6002F7BB3 /* FRCDataSourceSegment.swift in Sources */,
				EAEF3416224FF6C300C7A0D9 /* TwitarrTweetCell.swift in Sources */,
				EAB4536B22D1F6DF00CD1671 /* TextCells.swift in Sources */,
				EA86ADF522880AD300363CBF /* SeamailThreadCell.swift in Sources */,
				EA5E2A5E2259801F00CB4A11 /* LocalCoreData.swift in Sources */,
				EAB4537322D3D0CE00CD1671 /* ComposeSeamailThreadVC.swift in Sources */,
				EA4E84F2232C74D00059E5EB /* DisabledContentViewController.swift in Sources */,
				EAC696E7228CDB7B00EE6EEB /* SeamailThreadViewController.swift in Sources */,
				EAB4536922D1F63900CD1671 /* LabelCell.swift in Sources */,
				EA8B9889232641DB00E10156 /* KaraokeRootViewController.swift in Sources */,
				EAEF3414224EED9100C7A0D9 /* SeamailRootViewController.swift in Sources */,
				EA3C631522975D8400077E3B /* SettingsRootViewController.swift in Sources */,
				EA4A1D1A22540801008501A3 /* NSArray+EBNObservable.m in Sources */,
				EAF777F722A3B1D000B27803 /* ModalLoginViewController.swift in Sources */,
			);
			runOnlyForDeploymentPostprocessing = 0;
		};
		EAA2E4CB2242D301009F287F /* Sources */ = {
			isa = PBXSourcesBuildPhase;
			buildActionMask = 2147483647;
			files = (
				EAA2E4D42242D301009F287F /* KrakenTests.swift in Sources */,
			);
			runOnlyForDeploymentPostprocessing = 0;
		};
		EAA2E4D62242D301009F287F /* Sources */ = {
			isa = PBXSourcesBuildPhase;
			buildActionMask = 2147483647;
			files = (
				EAA2E4DF2242D301009F287F /* KrakenUITests.swift in Sources */,
			);
			runOnlyForDeploymentPostprocessing = 0;
		};
/* End PBXSourcesBuildPhase section */

/* Begin PBXTargetDependency section */
		EAA2E4D12242D301009F287F /* PBXTargetDependency */ = {
			isa = PBXTargetDependency;
			target = EAA2E4B82242D300009F287F /* Kraken */;
			targetProxy = EAA2E4D02242D301009F287F /* PBXContainerItemProxy */;
		};
		EAA2E4DC2242D301009F287F /* PBXTargetDependency */ = {
			isa = PBXTargetDependency;
			target = EAA2E4B82242D300009F287F /* Kraken */;
			targetProxy = EAA2E4DB2242D301009F287F /* PBXContainerItemProxy */;
		};
/* End PBXTargetDependency section */

/* Begin PBXVariantGroup section */
		EAA2E4C22242D300009F287F /* Main.storyboard */ = {
			isa = PBXVariantGroup;
			children = (
				EAA2E4C32242D300009F287F /* Base */,
			);
			name = Main.storyboard;
			sourceTree = "<group>";
		};
		EAA2E4C72242D301009F287F /* LaunchScreen.storyboard */ = {
			isa = PBXVariantGroup;
			children = (
				EAA2E4C82242D301009F287F /* Base */,
			);
			name = LaunchScreen.storyboard;
			sourceTree = "<group>";
		};
/* End PBXVariantGroup section */

/* Begin XCBuildConfiguration section */
		EAA2E4E12242D301009F287F /* Debug */ = {
			isa = XCBuildConfiguration;
			buildSettings = {
				ALWAYS_SEARCH_USER_PATHS = NO;
				CLANG_ANALYZER_NONNULL = YES;
				CLANG_ANALYZER_NUMBER_OBJECT_CONVERSION = YES_AGGRESSIVE;
				CLANG_CXX_LANGUAGE_STANDARD = "gnu++14";
				CLANG_CXX_LIBRARY = "libc++";
				CLANG_ENABLE_MODULES = YES;
				CLANG_ENABLE_OBJC_ARC = YES;
				CLANG_ENABLE_OBJC_WEAK = YES;
				CLANG_WARN_BLOCK_CAPTURE_AUTORELEASING = YES;
				CLANG_WARN_BOOL_CONVERSION = YES;
				CLANG_WARN_COMMA = YES;
				CLANG_WARN_CONSTANT_CONVERSION = YES;
				CLANG_WARN_DEPRECATED_OBJC_IMPLEMENTATIONS = YES;
				CLANG_WARN_DIRECT_OBJC_ISA_USAGE = YES_ERROR;
				CLANG_WARN_DOCUMENTATION_COMMENTS = YES;
				CLANG_WARN_EMPTY_BODY = YES;
				CLANG_WARN_ENUM_CONVERSION = YES;
				CLANG_WARN_INFINITE_RECURSION = YES;
				CLANG_WARN_INT_CONVERSION = YES;
				CLANG_WARN_NON_LITERAL_NULL_CONVERSION = YES;
				CLANG_WARN_OBJC_IMPLICIT_RETAIN_SELF = YES;
				CLANG_WARN_OBJC_LITERAL_CONVERSION = YES;
				CLANG_WARN_OBJC_ROOT_CLASS = YES_ERROR;
				CLANG_WARN_RANGE_LOOP_ANALYSIS = YES;
				CLANG_WARN_STRICT_PROTOTYPES = YES;
				CLANG_WARN_SUSPICIOUS_MOVE = YES;
				CLANG_WARN_UNGUARDED_AVAILABILITY = YES_AGGRESSIVE;
				CLANG_WARN_UNREACHABLE_CODE = YES;
				CLANG_WARN__DUPLICATE_METHOD_MATCH = YES;
				CODE_SIGN_IDENTITY = "iPhone Developer";
				COPY_PHASE_STRIP = NO;
				DEBUG_INFORMATION_FORMAT = dwarf;
				ENABLE_STRICT_OBJC_MSGSEND = YES;
				ENABLE_TESTABILITY = YES;
				GCC_C_LANGUAGE_STANDARD = gnu11;
				GCC_DYNAMIC_NO_PIC = NO;
				GCC_NO_COMMON_BLOCKS = YES;
				GCC_OPTIMIZATION_LEVEL = 0;
				GCC_PREPROCESSOR_DEFINITIONS = (
					"DEBUG=1",
					"$(inherited)",
				);
				GCC_WARN_64_TO_32_BIT_CONVERSION = YES;
				GCC_WARN_ABOUT_RETURN_TYPE = YES_ERROR;
				GCC_WARN_UNDECLARED_SELECTOR = YES;
				GCC_WARN_UNINITIALIZED_AUTOS = YES_AGGRESSIVE;
				GCC_WARN_UNUSED_FUNCTION = YES;
				GCC_WARN_UNUSED_VARIABLE = YES;
				IPHONEOS_DEPLOYMENT_TARGET = 12.1;
				MTL_ENABLE_DEBUG_INFO = INCLUDE_SOURCE;
				MTL_FAST_MATH = YES;
				ONLY_ACTIVE_ARCH = YES;
				SDKROOT = iphoneos;
				SWIFT_ACTIVE_COMPILATION_CONDITIONS = DEBUG;
				SWIFT_OPTIMIZATION_LEVEL = "-Onone";
			};
			name = Debug;
		};
		EAA2E4E22242D301009F287F /* Release */ = {
			isa = XCBuildConfiguration;
			buildSettings = {
				ALWAYS_SEARCH_USER_PATHS = NO;
				CLANG_ANALYZER_NONNULL = YES;
				CLANG_ANALYZER_NUMBER_OBJECT_CONVERSION = YES_AGGRESSIVE;
				CLANG_CXX_LANGUAGE_STANDARD = "gnu++14";
				CLANG_CXX_LIBRARY = "libc++";
				CLANG_ENABLE_MODULES = YES;
				CLANG_ENABLE_OBJC_ARC = YES;
				CLANG_ENABLE_OBJC_WEAK = YES;
				CLANG_WARN_BLOCK_CAPTURE_AUTORELEASING = YES;
				CLANG_WARN_BOOL_CONVERSION = YES;
				CLANG_WARN_COMMA = YES;
				CLANG_WARN_CONSTANT_CONVERSION = YES;
				CLANG_WARN_DEPRECATED_OBJC_IMPLEMENTATIONS = YES;
				CLANG_WARN_DIRECT_OBJC_ISA_USAGE = YES_ERROR;
				CLANG_WARN_DOCUMENTATION_COMMENTS = YES;
				CLANG_WARN_EMPTY_BODY = YES;
				CLANG_WARN_ENUM_CONVERSION = YES;
				CLANG_WARN_INFINITE_RECURSION = YES;
				CLANG_WARN_INT_CONVERSION = YES;
				CLANG_WARN_NON_LITERAL_NULL_CONVERSION = YES;
				CLANG_WARN_OBJC_IMPLICIT_RETAIN_SELF = YES;
				CLANG_WARN_OBJC_LITERAL_CONVERSION = YES;
				CLANG_WARN_OBJC_ROOT_CLASS = YES_ERROR;
				CLANG_WARN_RANGE_LOOP_ANALYSIS = YES;
				CLANG_WARN_STRICT_PROTOTYPES = YES;
				CLANG_WARN_SUSPICIOUS_MOVE = YES;
				CLANG_WARN_UNGUARDED_AVAILABILITY = YES_AGGRESSIVE;
				CLANG_WARN_UNREACHABLE_CODE = YES;
				CLANG_WARN__DUPLICATE_METHOD_MATCH = YES;
				CODE_SIGN_IDENTITY = "iPhone Developer";
				COPY_PHASE_STRIP = NO;
				DEBUG_INFORMATION_FORMAT = "dwarf-with-dsym";
				ENABLE_NS_ASSERTIONS = NO;
				ENABLE_STRICT_OBJC_MSGSEND = YES;
				GCC_C_LANGUAGE_STANDARD = gnu11;
				GCC_NO_COMMON_BLOCKS = YES;
				GCC_WARN_64_TO_32_BIT_CONVERSION = YES;
				GCC_WARN_ABOUT_RETURN_TYPE = YES_ERROR;
				GCC_WARN_UNDECLARED_SELECTOR = YES;
				GCC_WARN_UNINITIALIZED_AUTOS = YES_AGGRESSIVE;
				GCC_WARN_UNUSED_FUNCTION = YES;
				GCC_WARN_UNUSED_VARIABLE = YES;
				IPHONEOS_DEPLOYMENT_TARGET = 12.1;
				MTL_ENABLE_DEBUG_INFO = NO;
				MTL_FAST_MATH = YES;
				SDKROOT = iphoneos;
				SWIFT_COMPILATION_MODE = wholemodule;
				SWIFT_OPTIMIZATION_LEVEL = "-O";
				VALIDATE_PRODUCT = YES;
			};
			name = Release;
		};
		EAA2E4E42242D301009F287F /* Debug */ = {
			isa = XCBuildConfiguration;
			buildSettings = {
				ASSETCATALOG_COMPILER_APPICON_NAME = AppIcon;
				CODE_SIGN_ENTITLEMENTS = Kraken/Kraken.entitlements;
				CODE_SIGN_STYLE = Automatic;
				DEVELOPMENT_TEAM = FQD36VNG36;
				INFOPLIST_FILE = Kraken/Info.plist;
				IPHONEOS_DEPLOYMENT_TARGET = 11.0;
				LD_RUNPATH_SEARCH_PATHS = (
					"$(inherited)",
					"@executable_path/Frameworks",
				);
				PRODUCT_BUNDLE_IDENTIFIER = "com.challfry-FQD.Kraken";
				PRODUCT_NAME = "$(TARGET_NAME)";
				SWIFT_OBJC_BRIDGING_HEADER = "Kraken/Core/Kraken-Bridging-Header.h";
				SWIFT_VERSION = 5.0;
				TARGETED_DEVICE_FAMILY = "1,2";
			};
			name = Debug;
		};
		EAA2E4E52242D301009F287F /* Release */ = {
			isa = XCBuildConfiguration;
			buildSettings = {
				ASSETCATALOG_COMPILER_APPICON_NAME = AppIcon;
				CODE_SIGN_ENTITLEMENTS = Kraken/Kraken.entitlements;
				CODE_SIGN_STYLE = Automatic;
				DEVELOPMENT_TEAM = FQD36VNG36;
				INFOPLIST_FILE = Kraken/Info.plist;
				IPHONEOS_DEPLOYMENT_TARGET = 11.0;
				LD_RUNPATH_SEARCH_PATHS = (
					"$(inherited)",
					"@executable_path/Frameworks",
				);
				PRODUCT_BUNDLE_IDENTIFIER = "com.challfry-FQD.Kraken";
				PRODUCT_NAME = "$(TARGET_NAME)";
				SWIFT_OBJC_BRIDGING_HEADER = "Kraken/Core/Kraken-Bridging-Header.h";
				SWIFT_VERSION = 5.0;
				TARGETED_DEVICE_FAMILY = "1,2";
			};
			name = Release;
		};
		EAA2E4E72242D301009F287F /* Debug */ = {
			isa = XCBuildConfiguration;
			buildSettings = {
				ALWAYS_EMBED_SWIFT_STANDARD_LIBRARIES = YES;
				BUNDLE_LOADER = "$(TEST_HOST)";
				CODE_SIGN_STYLE = Automatic;
				DEVELOPMENT_TEAM = JHK5ZNZ4L3;
				INFOPLIST_FILE = KrakenTests/Info.plist;
				LD_RUNPATH_SEARCH_PATHS = (
					"$(inherited)",
					"@executable_path/Frameworks",
					"@loader_path/Frameworks",
				);
				PRODUCT_BUNDLE_IDENTIFIER = com.challfry.KrakenTests;
				PRODUCT_NAME = "$(TARGET_NAME)";
				SWIFT_VERSION = 5.0;
				TARGETED_DEVICE_FAMILY = "1,2";
				TEST_HOST = "$(BUILT_PRODUCTS_DIR)/Kraken.app/Kraken";
			};
			name = Debug;
		};
		EAA2E4E82242D301009F287F /* Release */ = {
			isa = XCBuildConfiguration;
			buildSettings = {
				ALWAYS_EMBED_SWIFT_STANDARD_LIBRARIES = YES;
				BUNDLE_LOADER = "$(TEST_HOST)";
				CODE_SIGN_STYLE = Automatic;
				DEVELOPMENT_TEAM = JHK5ZNZ4L3;
				INFOPLIST_FILE = KrakenTests/Info.plist;
				LD_RUNPATH_SEARCH_PATHS = (
					"$(inherited)",
					"@executable_path/Frameworks",
					"@loader_path/Frameworks",
				);
				PRODUCT_BUNDLE_IDENTIFIER = com.challfry.KrakenTests;
				PRODUCT_NAME = "$(TARGET_NAME)";
				SWIFT_VERSION = 5.0;
				TARGETED_DEVICE_FAMILY = "1,2";
				TEST_HOST = "$(BUILT_PRODUCTS_DIR)/Kraken.app/Kraken";
			};
			name = Release;
		};
		EAA2E4EA2242D301009F287F /* Debug */ = {
			isa = XCBuildConfiguration;
			buildSettings = {
				ALWAYS_EMBED_SWIFT_STANDARD_LIBRARIES = YES;
				CODE_SIGN_STYLE = Automatic;
				DEVELOPMENT_TEAM = JHK5ZNZ4L3;
				INFOPLIST_FILE = KrakenUITests/Info.plist;
				LD_RUNPATH_SEARCH_PATHS = (
					"$(inherited)",
					"@executable_path/Frameworks",
					"@loader_path/Frameworks",
				);
				PRODUCT_BUNDLE_IDENTIFIER = com.challfry.KrakenUITests;
				PRODUCT_NAME = "$(TARGET_NAME)";
				SWIFT_VERSION = 5.0;
				TARGETED_DEVICE_FAMILY = "1,2";
				TEST_TARGET_NAME = Kraken;
			};
			name = Debug;
		};
		EAA2E4EB2242D301009F287F /* Release */ = {
			isa = XCBuildConfiguration;
			buildSettings = {
				ALWAYS_EMBED_SWIFT_STANDARD_LIBRARIES = YES;
				CODE_SIGN_STYLE = Automatic;
				DEVELOPMENT_TEAM = JHK5ZNZ4L3;
				INFOPLIST_FILE = KrakenUITests/Info.plist;
				LD_RUNPATH_SEARCH_PATHS = (
					"$(inherited)",
					"@executable_path/Frameworks",
					"@loader_path/Frameworks",
				);
				PRODUCT_BUNDLE_IDENTIFIER = com.challfry.KrakenUITests;
				PRODUCT_NAME = "$(TARGET_NAME)";
				SWIFT_VERSION = 5.0;
				TARGETED_DEVICE_FAMILY = "1,2";
				TEST_TARGET_NAME = Kraken;
			};
			name = Release;
		};
/* End XCBuildConfiguration section */

/* Begin XCConfigurationList section */
		EAA2E4B42242D300009F287F /* Build configuration list for PBXProject "Kraken" */ = {
			isa = XCConfigurationList;
			buildConfigurations = (
				EAA2E4E12242D301009F287F /* Debug */,
				EAA2E4E22242D301009F287F /* Release */,
			);
			defaultConfigurationIsVisible = 0;
			defaultConfigurationName = Release;
		};
		EAA2E4E32242D301009F287F /* Build configuration list for PBXNativeTarget "Kraken" */ = {
			isa = XCConfigurationList;
			buildConfigurations = (
				EAA2E4E42242D301009F287F /* Debug */,
				EAA2E4E52242D301009F287F /* Release */,
			);
			defaultConfigurationIsVisible = 0;
			defaultConfigurationName = Release;
		};
		EAA2E4E62242D301009F287F /* Build configuration list for PBXNativeTarget "KrakenTests" */ = {
			isa = XCConfigurationList;
			buildConfigurations = (
				EAA2E4E72242D301009F287F /* Debug */,
				EAA2E4E82242D301009F287F /* Release */,
			);
			defaultConfigurationIsVisible = 0;
			defaultConfigurationName = Release;
		};
		EAA2E4E92242D301009F287F /* Build configuration list for PBXNativeTarget "KrakenUITests" */ = {
			isa = XCConfigurationList;
			buildConfigurations = (
				EAA2E4EA2242D301009F287F /* Debug */,
				EAA2E4EB2242D301009F287F /* Release */,
			);
			defaultConfigurationIsVisible = 0;
			defaultConfigurationName = Release;
		};
/* End XCConfigurationList section */

/* Begin XCVersionGroup section */
		EA333C8D225818A600247B3E /* TwitarrModel.xcdatamodeld */ = {
			isa = XCVersionGroup;
			children = (
				EA333C8E225818A600247B3E /* Model.xcdatamodel */,
			);
			currentVersion = EA333C8E225818A600247B3E /* Model.xcdatamodel */;
			path = TwitarrModel.xcdatamodeld;
			sourceTree = "<group>";
			versionGroupType = wrapper.xcdatamodel;
		};
/* End XCVersionGroup section */
	};
	rootObject = EAA2E4B12242D300009F287F /* Project object */;
}
